// !$*UTF8*$!
{
	archiveVersion = 1;
	classes = {
	};
	objectVersion = 56;
	objects = {

/* Begin PBXBuildFile section */
		DC0015E72C4FD41100416056 /* fumiBlueAnimation.json in Resources */ = {isa = PBXBuildFile; fileRef = DC0015E52C4FD41100416056 /* fumiBlueAnimation.json */; };
		DC0015EA2C4FD42500416056 /* SmokeManView.swift in Sources */ = {isa = PBXBuildFile; fileRef = DC0015E92C4FD42500416056 /* SmokeManView.swift */; };
		DC0015ED2C4FD55200416056 /* Lottie in Frameworks */ = {isa = PBXBuildFile; productRef = DC0015EC2C4FD55200416056 /* Lottie */; };
		DC0015F22C50071E00416056 /* nonUrban-debug.xcconfig in Resources */ = {isa = PBXBuildFile; fileRef = DC0015F12C50071E00416056 /* nonUrban-debug.xcconfig */; };
		DC0015F72C50118800416056 /* Common.xcconfig in Resources */ = {isa = PBXBuildFile; fileRef = DC4E65882C49BC7800B08F1A /* Common.xcconfig */; };
		DC0015F82C50118A00416056 /* urban.xcconfig in Resources */ = {isa = PBXBuildFile; fileRef = DC4E65892C49BC8200B08F1A /* urban.xcconfig */; };
		DC0015F92C50118D00416056 /* urban-debug.xcconfig in Resources */ = {isa = PBXBuildFile; fileRef = DC0015F02C50070800416056 /* urban-debug.xcconfig */; };
		DC0015FA2C50118F00416056 /* nonUrban.xcconfig in Resources */ = {isa = PBXBuildFile; fileRef = DC4E658A2C49BC8F00B08F1A /* nonUrban.xcconfig */; };
		DC0015FD2C5021B100416056 /* AppViewModel.swift in Sources */ = {isa = PBXBuildFile; fileRef = DC0015FC2C5021B100416056 /* AppViewModel.swift */; };
		DC025F002C4972310050B457 /* DesignSystem in Frameworks */ = {isa = PBXBuildFile; productRef = DC025EFF2C4972310050B457 /* DesignSystem */; };
		DC0461DA2CF8FD5D00C4F344 /* CotisationsMembersView.swift in Sources */ = {isa = PBXBuildFile; fileRef = DC0461D92CF8FD5D00C4F344 /* CotisationsMembersView.swift */; };
		DC0461DC2CF8FD7D00C4F344 /* CotisationsMembersViewModel.swift in Sources */ = {isa = PBXBuildFile; fileRef = DC0461DB2CF8FD7D00C4F344 /* CotisationsMembersViewModel.swift */; };
		DC0461DE2CF8FDA500C4F344 /* CotisationsMembersRepository.swift in Sources */ = {isa = PBXBuildFile; fileRef = DC0461DD2CF8FDA500C4F344 /* CotisationsMembersRepository.swift */; };
		DC04624E2CFA533B00C4F344 /* CotisationsMember.swift in Sources */ = {isa = PBXBuildFile; fileRef = DC04624D2CFA533B00C4F344 /* CotisationsMember.swift */; };
		DC0462502CFA5CE700C4F344 /* CotisationsMemberDetails.swift in Sources */ = {isa = PBXBuildFile; fileRef = DC04624F2CFA5CE700C4F344 /* CotisationsMemberDetails.swift */; };
		DC0462522CFA5D3B00C4F344 /* CotisationsMemberDetailsViewModel.swift in Sources */ = {isa = PBXBuildFile; fileRef = DC0462512CFA5D3B00C4F344 /* CotisationsMemberDetailsViewModel.swift */; };
		DC12B89C2C50627100F3FF93 /* PDFFeature in Frameworks */ = {isa = PBXBuildFile; productRef = DC12B89B2C50627100F3FF93 /* PDFFeature */; };
		DC12B8A02C506B4500F3FF93 /* fumiRedAnimation.json in Resources */ = {isa = PBXBuildFile; fileRef = DC12B89F2C506B4500F3FF93 /* fumiRedAnimation.json */; };
		DC12B8A22C513DFC00F3FF93 /* ProfileManager in Frameworks */ = {isa = PBXBuildFile; productRef = DC12B8A12C513DFC00F3FF93 /* ProfileManager */; };
		DC15EE5C2C514E0500BD4D4B /* MenuViewModel.swift in Sources */ = {isa = PBXBuildFile; fileRef = DC15EE5B2C514E0500BD4D4B /* MenuViewModel.swift */; };
		DC1B80A82CF1088B00FA9997 /* MembersRepository.swift in Sources */ = {isa = PBXBuildFile; fileRef = DC1B80A12CF1088B00FA9997 /* MembersRepository.swift */; };
		DC1B80A92CF1088B00FA9997 /* MemberDetails.swift in Sources */ = {isa = PBXBuildFile; fileRef = DC1B80A62CF1088B00FA9997 /* MemberDetails.swift */; };
		DC1B80AA2CF1088B00FA9997 /* ListMembersView.swift in Sources */ = {isa = PBXBuildFile; fileRef = DC1B80A52CF1088B00FA9997 /* ListMembersView.swift */; };
		DC1B80AB2CF1088B00FA9997 /* ListMembersViewModel.swift in Sources */ = {isa = PBXBuildFile; fileRef = DC1B80A32CF1088B00FA9997 /* ListMembersViewModel.swift */; };
		DC1B80AD2CF1111F00FA9997 /* MemberDetailsViewModel.swift in Sources */ = {isa = PBXBuildFile; fileRef = DC1B80AC2CF1111F00FA9997 /* MemberDetailsViewModel.swift */; };
		DC1B80B02CF11A6200FA9997 /* Dependencies in Frameworks */ = {isa = PBXBuildFile; productRef = DC1B80AF2CF11A6200FA9997 /* Dependencies */; };
		DC1B80B22CF11A6200FA9997 /* DependenciesMacros in Frameworks */ = {isa = PBXBuildFile; productRef = DC1B80B12CF11A6200FA9997 /* DependenciesMacros */; };
		DC4E65802C49834300B08F1A /* LaunchScreenUrban.storyboard in Resources */ = {isa = PBXBuildFile; fileRef = DC4E657F2C49834300B08F1A /* LaunchScreenUrban.storyboard */; };
		DC4E65822C49839E00B08F1A /* SharedResources in Frameworks */ = {isa = PBXBuildFile; productRef = DC4E65812C49839E00B08F1A /* SharedResources */; };
		DC4E65922C49C9A500B08F1A /* LaunchScreenNonUrban.storyboard in Resources */ = {isa = PBXBuildFile; fileRef = DC4E65912C49C9A500B08F1A /* LaunchScreenNonUrban.storyboard */; };
		DC50E1FB2D1D9A2A0055A99E /* SeasonsListView.swift in Sources */ = {isa = PBXBuildFile; fileRef = DC50E1FA2D1D9A2A0055A99E /* SeasonsListView.swift */; };
		DC50E1FF2D1D9A5F0055A99E /* SeasonsListViewModel.swift in Sources */ = {isa = PBXBuildFile; fileRef = DC50E1FE2D1D9A5F0055A99E /* SeasonsListViewModel.swift */; };
		DC50E2012D1DA27F0055A99E /* TravelsListViewModel.swift in Sources */ = {isa = PBXBuildFile; fileRef = DC50E2002D1DA27F0055A99E /* TravelsListViewModel.swift */; };
		DC50E2032D1DA31E0055A99E /* TravelsListView.swift in Sources */ = {isa = PBXBuildFile; fileRef = DC50E2022D1DA31E0055A99E /* TravelsListView.swift */; };
		DC50E2052D1DA88A0055A99E /* TravelDetailsView.swift in Sources */ = {isa = PBXBuildFile; fileRef = DC50E2042D1DA88A0055A99E /* TravelDetailsView.swift */; };
		DC50E2072D1DA8DB0055A99E /* TravelDetailsViewModel.swift in Sources */ = {isa = PBXBuildFile; fileRef = DC50E2062D1DA8DB0055A99E /* TravelDetailsViewModel.swift */; };
		DC50E2092D1DC53F0055A99E /* MembersTravelView.swift in Sources */ = {isa = PBXBuildFile; fileRef = DC50E2082D1DC53F0055A99E /* MembersTravelView.swift */; };
		DC50E20B2D1DC5600055A99E /* MembersTravelViewModel.swift in Sources */ = {isa = PBXBuildFile; fileRef = DC50E20A2D1DC5600055A99E /* MembersTravelViewModel.swift */; };
		DC50E20D2D1DD8E10055A99E /* MemberTravelViewModel.swift in Sources */ = {isa = PBXBuildFile; fileRef = DC50E20C2D1DD8E10055A99E /* MemberTravelViewModel.swift */; };
		DC50E20F2D1DDA4A0055A99E /* MemberTravelCellView.swift in Sources */ = {isa = PBXBuildFile; fileRef = DC50E20E2D1DDA4A0055A99E /* MemberTravelCellView.swift */; };
		DC50E2112D1EBC740055A99E /* AddSeasonInfoInputView.swift in Sources */ = {isa = PBXBuildFile; fileRef = DC50E2102D1EBC740055A99E /* AddSeasonInfoInputView.swift */; };
		DC50E2132D1F079A0055A99E /* TeamsListView.swift in Sources */ = {isa = PBXBuildFile; fileRef = DC50E2122D1F079A0055A99E /* TeamsListView.swift */; };
		DC50E2152D1F07EC0055A99E /* TeamsListViewModel.swift in Sources */ = {isa = PBXBuildFile; fileRef = DC50E2142D1F07EC0055A99E /* TeamsListViewModel.swift */; };
		DC50E2172D1F0DE80055A99E /* TeamCellViewModel.swift in Sources */ = {isa = PBXBuildFile; fileRef = DC50E2162D1F0DE80055A99E /* TeamCellViewModel.swift */; };
		DC50E2192D1F0F1E0055A99E /* TeamCellView.swift in Sources */ = {isa = PBXBuildFile; fileRef = DC50E2182D1F0F1E0055A99E /* TeamCellView.swift */; };
		DC50E21B2D1F15E90055A99E /* AddTeamInfoInputView.swift in Sources */ = {isa = PBXBuildFile; fileRef = DC50E21A2D1F15E90055A99E /* AddTeamInfoInputView.swift */; };
		DC54131A2C53041400BF0010 /* MenuView.swift in Sources */ = {isa = PBXBuildFile; fileRef = DC5413192C53041400BF0010 /* MenuView.swift */; };
		DC54131C2C53E93600BF0010 /* TravelMatchesFeature in Frameworks */ = {isa = PBXBuildFile; productRef = DC54131B2C53E93600BF0010 /* TravelMatchesFeature */; };
		DC61D1EB2C5023C40047136F /* SplashscreenView.swift in Sources */ = {isa = PBXBuildFile; fileRef = DC61D1EA2C5023C40047136F /* SplashscreenView.swift */; };
		DC61D1EE2C50248F0047136F /* AnimateText in Frameworks */ = {isa = PBXBuildFile; productRef = DC61D1ED2C50248F0047136F /* AnimateText */; };
		DC61D1F02C50583D0047136F /* SettingsFeature in Frameworks */ = {isa = PBXBuildFile; productRef = DC61D1EF2C50583D0047136F /* SettingsFeature */; };
		DC6FD5BB2C5AA8D400536C19 /* AuthenticationManager in Frameworks */ = {isa = PBXBuildFile; productRef = DC6FD5BA2C5AA8D400536C19 /* AuthenticationManager */; };
		DC6FD5BD2C5AAFC100536C19 /* UserLockedView.swift in Sources */ = {isa = PBXBuildFile; fileRef = DC6FD5BC2C5AAFC100536C19 /* UserLockedView.swift */; };
		DC6FD5C42C5AB26100536C19 /* apoula.pdf in Resources */ = {isa = PBXBuildFile; fileRef = DC6FD5C32C5AB26100536C19 /* apoula.pdf */; };
		DC6FD5FC2C60FF4400536C19 /* MatosFeature in Frameworks */ = {isa = PBXBuildFile; productRef = DC6FD5FB2C60FF4400536C19 /* MatosFeature */; };
		DC760BE22C4B222C0008990B /* UrbanParisPackage in Resources */ = {isa = PBXBuildFile; fileRef = DC760BE12C4B222C0008990B /* UrbanParisPackage */; };
		DC7914FC2C4EB012005A3244 /* ProfileFeature in Frameworks */ = {isa = PBXBuildFile; productRef = DC7914FB2C4EB012005A3244 /* ProfileFeature */; };
		DC7AD3272CED16A400E2D8C5 /* AdminMenuView.swift in Sources */ = {isa = PBXBuildFile; fileRef = DC7AD3262CED16A400E2D8C5 /* AdminMenuView.swift */; };
		DC7AD3292CED17EE00E2D8C5 /* MenuAdminCoordinator.swift in Sources */ = {isa = PBXBuildFile; fileRef = DC7AD3282CED17EE00E2D8C5 /* MenuAdminCoordinator.swift */; };
		DC7F514C2C52ABA600C6D4BE /* CotisationsFeature in Frameworks */ = {isa = PBXBuildFile; productRef = DC7F514B2C52ABA600C6D4BE /* CotisationsFeature */; };
		DCA8975C2C4EDECE00788FC6 /* HomeView.swift in Sources */ = {isa = PBXBuildFile; fileRef = DCA8975B2C4EDECE00788FC6 /* HomeView.swift */; };
		DCB21A342C552CA900B0D58B /* HomeViewModel.swift in Sources */ = {isa = PBXBuildFile; fileRef = DCB21A332C552CA900B0D58B /* HomeViewModel.swift */; };
		DCB623642C56E62000EA13F7 /* DeepLinkManager in Frameworks */ = {isa = PBXBuildFile; productRef = DCB623632C56E62000EA13F7 /* DeepLinkManager */; };
		DCD8AE9F2C47E91C0070B0D1 /* UrbanParisApp.swift in Sources */ = {isa = PBXBuildFile; fileRef = DCD8AE9E2C47E91C0070B0D1 /* UrbanParisApp.swift */; };
		DCD8AEA32C47E91E0070B0D1 /* Assets.xcassets in Resources */ = {isa = PBXBuildFile; fileRef = DCD8AEA22C47E91E0070B0D1 /* Assets.xcassets */; };
		DCD8AEA62C47E91E0070B0D1 /* Preview Assets.xcassets in Resources */ = {isa = PBXBuildFile; fileRef = DCD8AEA52C47E91E0070B0D1 /* Preview Assets.xcassets */; };
		DCD8AEAE2C49610B0070B0D1 /* AppView.swift in Sources */ = {isa = PBXBuildFile; fileRef = DCD8AEAD2C49610B0070B0D1 /* AppView.swift */; };
		DCD8AEB12C4962480070B0D1 /* LoginFeature in Frameworks */ = {isa = PBXBuildFile; productRef = DCD8AEB02C4962480070B0D1 /* LoginFeature */; };
/* End PBXBuildFile section */

/* Begin PBXFileReference section */
		DC0015E52C4FD41100416056 /* fumiBlueAnimation.json */ = {isa = PBXFileReference; fileEncoding = 4; lastKnownFileType = text.json; path = fumiBlueAnimation.json; sourceTree = "<group>"; };
		DC0015E92C4FD42500416056 /* SmokeManView.swift */ = {isa = PBXFileReference; fileEncoding = 4; lastKnownFileType = sourcecode.swift; path = SmokeManView.swift; sourceTree = "<group>"; };
		DC0015F02C50070800416056 /* urban-debug.xcconfig */ = {isa = PBXFileReference; lastKnownFileType = text.xcconfig; path = "urban-debug.xcconfig"; sourceTree = "<group>"; };
		DC0015F12C50071E00416056 /* nonUrban-debug.xcconfig */ = {isa = PBXFileReference; lastKnownFileType = text.xcconfig; path = "nonUrban-debug.xcconfig"; sourceTree = "<group>"; };
		DC0015FC2C5021B100416056 /* AppViewModel.swift */ = {isa = PBXFileReference; lastKnownFileType = sourcecode.swift; path = AppViewModel.swift; sourceTree = "<group>"; };
		DC0461D92CF8FD5D00C4F344 /* CotisationsMembersView.swift */ = {isa = PBXFileReference; lastKnownFileType = sourcecode.swift; path = CotisationsMembersView.swift; sourceTree = "<group>"; };
		DC0461DB2CF8FD7D00C4F344 /* CotisationsMembersViewModel.swift */ = {isa = PBXFileReference; lastKnownFileType = sourcecode.swift; path = CotisationsMembersViewModel.swift; sourceTree = "<group>"; };
		DC0461DD2CF8FDA500C4F344 /* CotisationsMembersRepository.swift */ = {isa = PBXFileReference; lastKnownFileType = sourcecode.swift; path = CotisationsMembersRepository.swift; sourceTree = "<group>"; };
		DC04624D2CFA533B00C4F344 /* CotisationsMember.swift */ = {isa = PBXFileReference; lastKnownFileType = sourcecode.swift; path = CotisationsMember.swift; sourceTree = "<group>"; };
		DC04624F2CFA5CE700C4F344 /* CotisationsMemberDetails.swift */ = {isa = PBXFileReference; lastKnownFileType = sourcecode.swift; path = CotisationsMemberDetails.swift; sourceTree = "<group>"; };
		DC0462512CFA5D3B00C4F344 /* CotisationsMemberDetailsViewModel.swift */ = {isa = PBXFileReference; lastKnownFileType = sourcecode.swift; path = CotisationsMemberDetailsViewModel.swift; sourceTree = "<group>"; };
		DC12B89F2C506B4500F3FF93 /* fumiRedAnimation.json */ = {isa = PBXFileReference; fileEncoding = 4; lastKnownFileType = text.json; path = fumiRedAnimation.json; sourceTree = "<group>"; };
		DC15EE5B2C514E0500BD4D4B /* MenuViewModel.swift */ = {isa = PBXFileReference; lastKnownFileType = sourcecode.swift; path = MenuViewModel.swift; sourceTree = "<group>"; };
		DC1B80A12CF1088B00FA9997 /* MembersRepository.swift */ = {isa = PBXFileReference; lastKnownFileType = sourcecode.swift; path = MembersRepository.swift; sourceTree = "<group>"; };
		DC1B80A32CF1088B00FA9997 /* ListMembersViewModel.swift */ = {isa = PBXFileReference; lastKnownFileType = sourcecode.swift; path = ListMembersViewModel.swift; sourceTree = "<group>"; };
		DC1B80A52CF1088B00FA9997 /* ListMembersView.swift */ = {isa = PBXFileReference; lastKnownFileType = sourcecode.swift; path = ListMembersView.swift; sourceTree = "<group>"; };
		DC1B80A62CF1088B00FA9997 /* MemberDetails.swift */ = {isa = PBXFileReference; lastKnownFileType = sourcecode.swift; path = MemberDetails.swift; sourceTree = "<group>"; };
		DC1B80AC2CF1111F00FA9997 /* MemberDetailsViewModel.swift */ = {isa = PBXFileReference; lastKnownFileType = sourcecode.swift; path = MemberDetailsViewModel.swift; sourceTree = "<group>"; };
		DC4E657F2C49834300B08F1A /* LaunchScreenUrban.storyboard */ = {isa = PBXFileReference; lastKnownFileType = file.storyboard; path = LaunchScreenUrban.storyboard; sourceTree = "<group>"; };
		DC4E65882C49BC7800B08F1A /* Common.xcconfig */ = {isa = PBXFileReference; lastKnownFileType = text.xcconfig; path = Common.xcconfig; sourceTree = "<group>"; };
		DC4E65892C49BC8200B08F1A /* urban.xcconfig */ = {isa = PBXFileReference; lastKnownFileType = text.xcconfig; path = urban.xcconfig; sourceTree = "<group>"; };
		DC4E658A2C49BC8F00B08F1A /* nonUrban.xcconfig */ = {isa = PBXFileReference; lastKnownFileType = text.xcconfig; path = nonUrban.xcconfig; sourceTree = "<group>"; };
		DC4E65902C49C6B500B08F1A /* Info.plist */ = {isa = PBXFileReference; lastKnownFileType = text.plist; path = Info.plist; sourceTree = "<group>"; };
		DC4E65912C49C9A500B08F1A /* LaunchScreenNonUrban.storyboard */ = {isa = PBXFileReference; lastKnownFileType = file.storyboard; path = LaunchScreenNonUrban.storyboard; sourceTree = "<group>"; };
		DC50E1FA2D1D9A2A0055A99E /* SeasonsListView.swift */ = {isa = PBXFileReference; lastKnownFileType = sourcecode.swift; path = SeasonsListView.swift; sourceTree = "<group>"; };
		DC50E1FE2D1D9A5F0055A99E /* SeasonsListViewModel.swift */ = {isa = PBXFileReference; lastKnownFileType = sourcecode.swift; path = SeasonsListViewModel.swift; sourceTree = "<group>"; };
		DC50E2002D1DA27F0055A99E /* TravelsListViewModel.swift */ = {isa = PBXFileReference; lastKnownFileType = sourcecode.swift; path = TravelsListViewModel.swift; sourceTree = "<group>"; };
		DC50E2022D1DA31E0055A99E /* TravelsListView.swift */ = {isa = PBXFileReference; lastKnownFileType = sourcecode.swift; path = TravelsListView.swift; sourceTree = "<group>"; };
		DC50E2042D1DA88A0055A99E /* TravelDetailsView.swift */ = {isa = PBXFileReference; lastKnownFileType = sourcecode.swift; path = TravelDetailsView.swift; sourceTree = "<group>"; };
		DC50E2062D1DA8DB0055A99E /* TravelDetailsViewModel.swift */ = {isa = PBXFileReference; lastKnownFileType = sourcecode.swift; path = TravelDetailsViewModel.swift; sourceTree = "<group>"; };
		DC50E2082D1DC53F0055A99E /* MembersTravelView.swift */ = {isa = PBXFileReference; lastKnownFileType = sourcecode.swift; path = MembersTravelView.swift; sourceTree = "<group>"; };
		DC50E20A2D1DC5600055A99E /* MembersTravelViewModel.swift */ = {isa = PBXFileReference; lastKnownFileType = sourcecode.swift; path = MembersTravelViewModel.swift; sourceTree = "<group>"; };
		DC50E20C2D1DD8E10055A99E /* MemberTravelViewModel.swift */ = {isa = PBXFileReference; lastKnownFileType = sourcecode.swift; path = MemberTravelViewModel.swift; sourceTree = "<group>"; };
		DC50E20E2D1DDA4A0055A99E /* MemberTravelCellView.swift */ = {isa = PBXFileReference; lastKnownFileType = sourcecode.swift; path = MemberTravelCellView.swift; sourceTree = "<group>"; };
		DC50E2102D1EBC740055A99E /* AddSeasonInfoInputView.swift */ = {isa = PBXFileReference; lastKnownFileType = sourcecode.swift; path = AddSeasonInfoInputView.swift; sourceTree = "<group>"; };
		DC50E2122D1F079A0055A99E /* TeamsListView.swift */ = {isa = PBXFileReference; lastKnownFileType = sourcecode.swift; path = TeamsListView.swift; sourceTree = "<group>"; };
		DC50E2142D1F07EC0055A99E /* TeamsListViewModel.swift */ = {isa = PBXFileReference; lastKnownFileType = sourcecode.swift; path = TeamsListViewModel.swift; sourceTree = "<group>"; };
		DC50E2162D1F0DE80055A99E /* TeamCellViewModel.swift */ = {isa = PBXFileReference; lastKnownFileType = sourcecode.swift; path = TeamCellViewModel.swift; sourceTree = "<group>"; };
		DC50E2182D1F0F1E0055A99E /* TeamCellView.swift */ = {isa = PBXFileReference; lastKnownFileType = sourcecode.swift; path = TeamCellView.swift; sourceTree = "<group>"; };
		DC50E21A2D1F15E90055A99E /* AddTeamInfoInputView.swift */ = {isa = PBXFileReference; lastKnownFileType = sourcecode.swift; path = AddTeamInfoInputView.swift; sourceTree = "<group>"; };
		DC5413192C53041400BF0010 /* MenuView.swift */ = {isa = PBXFileReference; lastKnownFileType = sourcecode.swift; path = MenuView.swift; sourceTree = "<group>"; };
		DC61D1EA2C5023C40047136F /* SplashscreenView.swift */ = {isa = PBXFileReference; lastKnownFileType = sourcecode.swift; path = SplashscreenView.swift; sourceTree = "<group>"; };
		DC6FD5BC2C5AAFC100536C19 /* UserLockedView.swift */ = {isa = PBXFileReference; lastKnownFileType = sourcecode.swift; path = UserLockedView.swift; sourceTree = "<group>"; };
		DC6FD5C32C5AB26100536C19 /* apoula.pdf */ = {isa = PBXFileReference; lastKnownFileType = image.pdf; path = apoula.pdf; sourceTree = "<group>"; };
		DC760BE12C4B222C0008990B /* UrbanParisPackage */ = {isa = PBXFileReference; lastKnownFileType = wrapper; path = UrbanParisPackage; sourceTree = "<group>"; };
		DC7AD3262CED16A400E2D8C5 /* AdminMenuView.swift */ = {isa = PBXFileReference; lastKnownFileType = sourcecode.swift; path = AdminMenuView.swift; sourceTree = "<group>"; };
		DC7AD3282CED17EE00E2D8C5 /* MenuAdminCoordinator.swift */ = {isa = PBXFileReference; lastKnownFileType = sourcecode.swift; path = MenuAdminCoordinator.swift; sourceTree = "<group>"; };
		DCA8975B2C4EDECE00788FC6 /* HomeView.swift */ = {isa = PBXFileReference; lastKnownFileType = sourcecode.swift; path = HomeView.swift; sourceTree = "<group>"; };
		DCB21A332C552CA900B0D58B /* HomeViewModel.swift */ = {isa = PBXFileReference; lastKnownFileType = sourcecode.swift; path = HomeViewModel.swift; sourceTree = "<group>"; };
		DCD8AE9B2C47E91C0070B0D1 /* Urban Paris.app */ = {isa = PBXFileReference; explicitFileType = wrapper.application; includeInIndex = 0; path = "Urban Paris.app"; sourceTree = BUILT_PRODUCTS_DIR; };
		DCD8AE9E2C47E91C0070B0D1 /* UrbanParisApp.swift */ = {isa = PBXFileReference; lastKnownFileType = sourcecode.swift; path = UrbanParisApp.swift; sourceTree = "<group>"; };
		DCD8AEA22C47E91E0070B0D1 /* Assets.xcassets */ = {isa = PBXFileReference; lastKnownFileType = folder.assetcatalog; path = Assets.xcassets; sourceTree = "<group>"; };
		DCD8AEA52C47E91E0070B0D1 /* Preview Assets.xcassets */ = {isa = PBXFileReference; lastKnownFileType = folder.assetcatalog; path = "Preview Assets.xcassets"; sourceTree = "<group>"; };
		DCD8AEAD2C49610B0070B0D1 /* AppView.swift */ = {isa = PBXFileReference; lastKnownFileType = sourcecode.swift; path = AppView.swift; sourceTree = "<group>"; };
/* End PBXFileReference section */

/* Begin PBXFrameworksBuildPhase section */
		DCD8AE982C47E91C0070B0D1 /* Frameworks */ = {
			isa = PBXFrameworksBuildPhase;
			buildActionMask = 2147483647;
			files = (
				DC1B80B02CF11A6200FA9997 /* Dependencies in Frameworks */,
				DCD8AEB12C4962480070B0D1 /* LoginFeature in Frameworks */,
				DC4E65822C49839E00B08F1A /* SharedResources in Frameworks */,
				DC54131C2C53E93600BF0010 /* TravelMatchesFeature in Frameworks */,
				DC61D1F02C50583D0047136F /* SettingsFeature in Frameworks */,
				DC12B8A22C513DFC00F3FF93 /* ProfileManager in Frameworks */,
				DC7F514C2C52ABA600C6D4BE /* CotisationsFeature in Frameworks */,
				DC025F002C4972310050B457 /* DesignSystem in Frameworks */,
				DC7914FC2C4EB012005A3244 /* ProfileFeature in Frameworks */,
				DC12B89C2C50627100F3FF93 /* PDFFeature in Frameworks */,
				DC0015ED2C4FD55200416056 /* Lottie in Frameworks */,
				DC6FD5FC2C60FF4400536C19 /* MatosFeature in Frameworks */,
				DC6FD5BB2C5AA8D400536C19 /* AuthenticationManager in Frameworks */,
				DCB623642C56E62000EA13F7 /* DeepLinkManager in Frameworks */,
				DC1B80B22CF11A6200FA9997 /* DependenciesMacros in Frameworks */,
				DC61D1EE2C50248F0047136F /* AnimateText in Frameworks */,
			);
			runOnlyForDeploymentPostprocessing = 0;
		};
/* End PBXFrameworksBuildPhase section */

/* Begin PBXGroup section */
		DC0015E22C4FD3E000416056 /* Views */ = {
			isa = PBXGroup;
			children = (
				DC0015E32C4FD3F400416056 /* Menu */,
				DCA8975B2C4EDECE00788FC6 /* HomeView.swift */,
				DCD8AE9E2C47E91C0070B0D1 /* UrbanParisApp.swift */,
				DCD8AEAD2C49610B0070B0D1 /* AppView.swift */,
				DC61D1EA2C5023C40047136F /* SplashscreenView.swift */,
				DC6FD5BC2C5AAFC100536C19 /* UserLockedView.swift */,
			);
			path = Views;
			sourceTree = "<group>";
		};
		DC0015E32C4FD3F400416056 /* Menu */ = {
			isa = PBXGroup;
			children = (
				DC1B809F2CF1084800FA9997 /* MenuAdmin */,
				DC5413192C53041400BF0010 /* MenuView.swift */,
				DC0015E92C4FD42500416056 /* SmokeManView.swift */,
				DC0015E42C4FD3FB00416056 /* Resources */,
				DC7AD3262CED16A400E2D8C5 /* AdminMenuView.swift */,
			);
			path = Menu;
			sourceTree = "<group>";
		};
		DC0015E42C4FD3FB00416056 /* Resources */ = {
			isa = PBXGroup;
			children = (
				DC12B89F2C506B4500F3FF93 /* fumiRedAnimation.json */,
				DC0015E52C4FD41100416056 /* fumiBlueAnimation.json */,
			);
			path = Resources;
			sourceTree = "<group>";
		};
		DC0015FB2C50217600416056 /* ViewModels */ = {
			isa = PBXGroup;
			children = (
				DCB21A322C552C8F00B0D58B /* HomeView */,
				DC15EE5D2C514E0E00BD4D4B /* Menu */,
				DC0015FC2C5021B100416056 /* AppViewModel.swift */,
			);
			path = ViewModels;
			sourceTree = "<group>";
		};
		DC0461D52CF8FCDB00C4F344 /* CotisationsMembers */ = {
			isa = PBXGroup;
			children = (
				DC0461D82CF8FD0300C4F344 /* Repository */,
				DC0461D72CF8FCF600C4F344 /* ViewModels */,
				DC0461D62CF8FCF000C4F344 /* Views */,
			);
			path = CotisationsMembers;
			sourceTree = "<group>";
		};
		DC0461D62CF8FCF000C4F344 /* Views */ = {
			isa = PBXGroup;
			children = (
				DC0461D92CF8FD5D00C4F344 /* CotisationsMembersView.swift */,
				DC04624F2CFA5CE700C4F344 /* CotisationsMemberDetails.swift */,
			);
			path = Views;
			sourceTree = "<group>";
		};
		DC0461D72CF8FCF600C4F344 /* ViewModels */ = {
			isa = PBXGroup;
			children = (
				DC0461DB2CF8FD7D00C4F344 /* CotisationsMembersViewModel.swift */,
				DC04624D2CFA533B00C4F344 /* CotisationsMember.swift */,
				DC0462512CFA5D3B00C4F344 /* CotisationsMemberDetailsViewModel.swift */,
			);
			path = ViewModels;
			sourceTree = "<group>";
		};
		DC0461D82CF8FD0300C4F344 /* Repository */ = {
			isa = PBXGroup;
			children = (
				DC0461DD2CF8FDA500C4F344 /* CotisationsMembersRepository.swift */,
			);
			path = Repository;
			sourceTree = "<group>";
		};
		DC15EE5D2C514E0E00BD4D4B /* Menu */ = {
			isa = PBXGroup;
			children = (
				DC15EE5B2C514E0500BD4D4B /* MenuViewModel.swift */,
			);
			path = Menu;
			sourceTree = "<group>";
		};
		DC1B809F2CF1084800FA9997 /* MenuAdmin */ = {
			isa = PBXGroup;
			children = (
				DC50E1F92D1D9A0E0055A99E /* Travels */,
				DC0461D52CF8FCDB00C4F344 /* CotisationsMembers */,
				DC1B80A02CF1085400FA9997 /* Members */,
				DC7AD3282CED17EE00E2D8C5 /* MenuAdminCoordinator.swift */,
			);
			path = MenuAdmin;
			sourceTree = "<group>";
		};
		DC1B80A02CF1085400FA9997 /* Members */ = {
			isa = PBXGroup;
			children = (
				DC1B80A22CF1088B00FA9997 /* Repository */,
				DC1B80A42CF1088B00FA9997 /* ViewModels */,
				DC1B80A72CF1088B00FA9997 /* Views */,
			);
			path = Members;
			sourceTree = "<group>";
		};
		DC1B80A22CF1088B00FA9997 /* Repository */ = {
			isa = PBXGroup;
			children = (
				DC1B80A12CF1088B00FA9997 /* MembersRepository.swift */,
			);
			path = Repository;
			sourceTree = "<group>";
		};
		DC1B80A42CF1088B00FA9997 /* ViewModels */ = {
			isa = PBXGroup;
			children = (
				DC1B80A32CF1088B00FA9997 /* ListMembersViewModel.swift */,
				DC1B80AC2CF1111F00FA9997 /* MemberDetailsViewModel.swift */,
			);
			path = ViewModels;
			sourceTree = "<group>";
		};
		DC1B80A72CF1088B00FA9997 /* Views */ = {
			isa = PBXGroup;
			children = (
				DC1B80A52CF1088B00FA9997 /* ListMembersView.swift */,
				DC1B80A62CF1088B00FA9997 /* MemberDetails.swift */,
			);
			path = Views;
			sourceTree = "<group>";
		};
		DC4E65872C49BC4500B08F1A /* Configurations */ = {
			isa = PBXGroup;
			children = (
				DC4E65882C49BC7800B08F1A /* Common.xcconfig */,
				DC4E65892C49BC8200B08F1A /* urban.xcconfig */,
				DC0015F02C50070800416056 /* urban-debug.xcconfig */,
				DC4E658A2C49BC8F00B08F1A /* nonUrban.xcconfig */,
				DC0015F12C50071E00416056 /* nonUrban-debug.xcconfig */,
			);
			path = Configurations;
			sourceTree = "<group>";
		};
		DC50E1F92D1D9A0E0055A99E /* Travels */ = {
			isa = PBXGroup;
			children = (
				DC50E1FD2D1D9A400055A99E /* ViewModels */,
				DC50E1FC2D1D9A3A0055A99E /* Views */,
			);
			path = Travels;
			sourceTree = "<group>";
		};
		DC50E1FC2D1D9A3A0055A99E /* Views */ = {
			isa = PBXGroup;
			children = (
				DC50E21A2D1F15E90055A99E /* AddTeamInfoInputView.swift */,
				DC50E2182D1F0F1E0055A99E /* TeamCellView.swift */,
				DC50E2102D1EBC740055A99E /* AddSeasonInfoInputView.swift */,
				DC50E2022D1DA31E0055A99E /* TravelsListView.swift */,
				DC50E1FA2D1D9A2A0055A99E /* SeasonsListView.swift */,
				DC50E2042D1DA88A0055A99E /* TravelDetailsView.swift */,
				DC50E2082D1DC53F0055A99E /* MembersTravelView.swift */,
				DC50E20E2D1DDA4A0055A99E /* MemberTravelCellView.swift */,
				DC50E2122D1F079A0055A99E /* TeamsListView.swift */,
			);
			path = Views;
			sourceTree = "<group>";
		};
		DC50E1FD2D1D9A400055A99E /* ViewModels */ = {
			isa = PBXGroup;
			children = (
				DC50E1FE2D1D9A5F0055A99E /* SeasonsListViewModel.swift */,
				DC50E2002D1DA27F0055A99E /* TravelsListViewModel.swift */,
				DC50E2062D1DA8DB0055A99E /* TravelDetailsViewModel.swift */,
				DC50E20A2D1DC5600055A99E /* MembersTravelViewModel.swift */,
				DC50E20C2D1DD8E10055A99E /* MemberTravelViewModel.swift */,
				DC50E2142D1F07EC0055A99E /* TeamsListViewModel.swift */,
				DC50E2162D1F0DE80055A99E /* TeamCellViewModel.swift */,
			);
			path = ViewModels;
			sourceTree = "<group>";
		};
		DC6FD5BE2C5AB0C000536C19 /* Resources */ = {
			isa = PBXGroup;
			children = (
				DC6FD5C32C5AB26100536C19 /* apoula.pdf */,
				DCD8AEA22C47E91E0070B0D1 /* Assets.xcassets */,
			);
			path = Resources;
			sourceTree = "<group>";
		};
		DCB21A322C552C8F00B0D58B /* HomeView */ = {
			isa = PBXGroup;
			children = (
				DCB21A332C552CA900B0D58B /* HomeViewModel.swift */,
			);
			path = HomeView;
			sourceTree = "<group>";
		};
		DCD8AE922C47E91C0070B0D1 = {
			isa = PBXGroup;
			children = (
				DC760BE12C4B222C0008990B /* UrbanParisPackage */,
				DCD8AE9D2C47E91C0070B0D1 /* UrbanParis */,
				DCD8AE9C2C47E91C0070B0D1 /* Products */,
				DCD8AEAF2C4962480070B0D1 /* Frameworks */,
			);
			sourceTree = "<group>";
		};
		DCD8AE9C2C47E91C0070B0D1 /* Products */ = {
			isa = PBXGroup;
			children = (
				DCD8AE9B2C47E91C0070B0D1 /* Urban Paris.app */,
			);
			name = Products;
			sourceTree = "<group>";
		};
		DCD8AE9D2C47E91C0070B0D1 /* UrbanParis */ = {
			isa = PBXGroup;
			children = (
				DC6FD5BE2C5AB0C000536C19 /* Resources */,
				DC0015FB2C50217600416056 /* ViewModels */,
				DC0015E22C4FD3E000416056 /* Views */,
				DC4E65902C49C6B500B08F1A /* Info.plist */,
				DC4E65872C49BC4500B08F1A /* Configurations */,
				DCD8AEA42C47E91E0070B0D1 /* Preview Content */,
				DC4E657F2C49834300B08F1A /* LaunchScreenUrban.storyboard */,
				DC4E65912C49C9A500B08F1A /* LaunchScreenNonUrban.storyboard */,
			);
			path = UrbanParis;
			sourceTree = "<group>";
		};
		DCD8AEA42C47E91E0070B0D1 /* Preview Content */ = {
			isa = PBXGroup;
			children = (
				DCD8AEA52C47E91E0070B0D1 /* Preview Assets.xcassets */,
			);
			path = "Preview Content";
			sourceTree = "<group>";
		};
		DCD8AEAF2C4962480070B0D1 /* Frameworks */ = {
			isa = PBXGroup;
			children = (
			);
			name = Frameworks;
			sourceTree = "<group>";
		};
/* End PBXGroup section */

/* Begin PBXNativeTarget section */
		DCD8AE9A2C47E91C0070B0D1 /* UrbanParis */ = {
			isa = PBXNativeTarget;
			buildConfigurationList = DCD8AEA92C47E91E0070B0D1 /* Build configuration list for PBXNativeTarget "UrbanParis" */;
			buildPhases = (
				DCD8AE972C47E91C0070B0D1 /* Sources */,
				DCD8AE982C47E91C0070B0D1 /* Frameworks */,
				DCD8AE992C47E91C0070B0D1 /* Resources */,
			);
			buildRules = (
			);
			dependencies = (
			);
			name = UrbanParis;
			packageProductDependencies = (
				DCD8AEB02C4962480070B0D1 /* LoginFeature */,
				DC025EFF2C4972310050B457 /* DesignSystem */,
				DC4E65812C49839E00B08F1A /* SharedResources */,
				DC7914FB2C4EB012005A3244 /* ProfileFeature */,
				DC0015EC2C4FD55200416056 /* Lottie */,
				DC61D1ED2C50248F0047136F /* AnimateText */,
				DC61D1EF2C50583D0047136F /* SettingsFeature */,
				DC12B89B2C50627100F3FF93 /* PDFFeature */,
				DC12B8A12C513DFC00F3FF93 /* ProfileManager */,
				DC7F514B2C52ABA600C6D4BE /* CotisationsFeature */,
				DC54131B2C53E93600BF0010 /* TravelMatchesFeature */,
				DCB623632C56E62000EA13F7 /* DeepLinkManager */,
				DC6FD5BA2C5AA8D400536C19 /* AuthenticationManager */,
				DC6FD5FB2C60FF4400536C19 /* MatosFeature */,
				DC1B80AF2CF11A6200FA9997 /* Dependencies */,
				DC1B80B12CF11A6200FA9997 /* DependenciesMacros */,
			);
			productName = UrbanParis;
			productReference = DCD8AE9B2C47E91C0070B0D1 /* Urban Paris.app */;
			productType = "com.apple.product-type.application";
		};
/* End PBXNativeTarget section */

/* Begin PBXProject section */
		DCD8AE932C47E91C0070B0D1 /* Project object */ = {
			isa = PBXProject;
			attributes = {
				BuildIndependentTargetsInParallel = 1;
				LastSwiftUpdateCheck = 1520;
				LastUpgradeCheck = 1520;
				TargetAttributes = {
					DCD8AE9A2C47E91C0070B0D1 = {
						CreatedOnToolsVersion = 15.2;
					};
				};
			};
			buildConfigurationList = DCD8AE962C47E91C0070B0D1 /* Build configuration list for PBXProject "UrbanParis" */;
			compatibilityVersion = "Xcode 14.0";
			developmentRegion = fr;
			hasScannedForEncodings = 0;
			knownRegions = (
				Base,
				fr,
			);
			mainGroup = DCD8AE922C47E91C0070B0D1;
			packageReferences = (
				DC0015EB2C4FD55200416056 /* XCRemoteSwiftPackageReference "lottie-ios" */,
				DC61D1EC2C50248F0047136F /* XCRemoteSwiftPackageReference "AnimateText" */,
				DC1B80AE2CF11A6200FA9997 /* XCRemoteSwiftPackageReference "swift-dependencies" */,
			);
			productRefGroup = DCD8AE9C2C47E91C0070B0D1 /* Products */;
			projectDirPath = "";
			projectRoot = "";
			targets = (
				DCD8AE9A2C47E91C0070B0D1 /* UrbanParis */,
			);
		};
/* End PBXProject section */

/* Begin PBXResourcesBuildPhase section */
		DCD8AE992C47E91C0070B0D1 /* Resources */ = {
			isa = PBXResourcesBuildPhase;
			buildActionMask = 2147483647;
			files = (
				DC4E65922C49C9A500B08F1A /* LaunchScreenNonUrban.storyboard in Resources */,
				DC12B8A02C506B4500F3FF93 /* fumiRedAnimation.json in Resources */,
				DC4E65802C49834300B08F1A /* LaunchScreenUrban.storyboard in Resources */,
				DC0015F72C50118800416056 /* Common.xcconfig in Resources */,
				DCD8AEA62C47E91E0070B0D1 /* Preview Assets.xcassets in Resources */,
				DC760BE22C4B222C0008990B /* UrbanParisPackage in Resources */,
				DC0015F22C50071E00416056 /* nonUrban-debug.xcconfig in Resources */,
				DC6FD5C42C5AB26100536C19 /* apoula.pdf in Resources */,
				DC0015F92C50118D00416056 /* urban-debug.xcconfig in Resources */,
				DCD8AEA32C47E91E0070B0D1 /* Assets.xcassets in Resources */,
				DC0015E72C4FD41100416056 /* fumiBlueAnimation.json in Resources */,
				DC0015F82C50118A00416056 /* urban.xcconfig in Resources */,
				DC0015FA2C50118F00416056 /* nonUrban.xcconfig in Resources */,
			);
			runOnlyForDeploymentPostprocessing = 0;
		};
/* End PBXResourcesBuildPhase section */

/* Begin PBXSourcesBuildPhase section */
		DCD8AE972C47E91C0070B0D1 /* Sources */ = {
			isa = PBXSourcesBuildPhase;
			buildActionMask = 2147483647;
			files = (
				DC50E2092D1DC53F0055A99E /* MembersTravelView.swift in Sources */,
				DC50E2152D1F07EC0055A99E /* TeamsListViewModel.swift in Sources */,
				DC04624E2CFA533B00C4F344 /* CotisationsMember.swift in Sources */,
				DC1B80A82CF1088B00FA9997 /* MembersRepository.swift in Sources */,
				DC1B80A92CF1088B00FA9997 /* MemberDetails.swift in Sources */,
				DC0462502CFA5CE700C4F344 /* CotisationsMemberDetails.swift in Sources */,
				DC1B80AA2CF1088B00FA9997 /* ListMembersView.swift in Sources */,
				DC0462522CFA5D3B00C4F344 /* CotisationsMemberDetailsViewModel.swift in Sources */,
				DC50E2012D1DA27F0055A99E /* TravelsListViewModel.swift in Sources */,
				DC50E20D2D1DD8E10055A99E /* MemberTravelViewModel.swift in Sources */,
				DC1B80AB2CF1088B00FA9997 /* ListMembersViewModel.swift in Sources */,
				DC0015FD2C5021B100416056 /* AppViewModel.swift in Sources */,
				DC50E1FF2D1D9A5F0055A99E /* SeasonsListViewModel.swift in Sources */,
				DCB21A342C552CA900B0D58B /* HomeViewModel.swift in Sources */,
				DC50E1FB2D1D9A2A0055A99E /* SeasonsListView.swift in Sources */,
				DC50E2132D1F079A0055A99E /* TeamsListView.swift in Sources */,
				DC7AD3292CED17EE00E2D8C5 /* MenuAdminCoordinator.swift in Sources */,
				DC7AD3272CED16A400E2D8C5 /* AdminMenuView.swift in Sources */,
				DC50E2192D1F0F1E0055A99E /* TeamCellView.swift in Sources */,
				DC54131A2C53041400BF0010 /* MenuView.swift in Sources */,
				DC6FD5BD2C5AAFC100536C19 /* UserLockedView.swift in Sources */,
				DC50E2172D1F0DE80055A99E /* TeamCellViewModel.swift in Sources */,
				DC50E20B2D1DC5600055A99E /* MembersTravelViewModel.swift in Sources */,
				DC50E2032D1DA31E0055A99E /* TravelsListView.swift in Sources */,
				DC50E20F2D1DDA4A0055A99E /* MemberTravelCellView.swift in Sources */,
				DC50E2052D1DA88A0055A99E /* TravelDetailsView.swift in Sources */,
				DC50E2072D1DA8DB0055A99E /* TravelDetailsViewModel.swift in Sources */,
				DC15EE5C2C514E0500BD4D4B /* MenuViewModel.swift in Sources */,
				DCA8975C2C4EDECE00788FC6 /* HomeView.swift in Sources */,
				DCD8AE9F2C47E91C0070B0D1 /* UrbanParisApp.swift in Sources */,
				DC0461DE2CF8FDA500C4F344 /* CotisationsMembersRepository.swift in Sources */,
				DC50E2112D1EBC740055A99E /* AddSeasonInfoInputView.swift in Sources */,
				DC0461DA2CF8FD5D00C4F344 /* CotisationsMembersView.swift in Sources */,
				DC1B80AD2CF1111F00FA9997 /* MemberDetailsViewModel.swift in Sources */,
				DC61D1EB2C5023C40047136F /* SplashscreenView.swift in Sources */,
				DC50E21B2D1F15E90055A99E /* AddTeamInfoInputView.swift in Sources */,
				DCD8AEAE2C49610B0070B0D1 /* AppView.swift in Sources */,
				DC0461DC2CF8FD7D00C4F344 /* CotisationsMembersViewModel.swift in Sources */,
				DC0015EA2C4FD42500416056 /* SmokeManView.swift in Sources */,
			);
			runOnlyForDeploymentPostprocessing = 0;
		};
/* End PBXSourcesBuildPhase section */

/* Begin XCBuildConfiguration section */
		DC4E65832C49BBBB00B08F1A /* urban */ = {
			isa = XCBuildConfiguration;
			baseConfigurationReference = DC4E65892C49BC8200B08F1A /* urban.xcconfig */;
			buildSettings = {
				ALWAYS_SEARCH_USER_PATHS = NO;
				ASSETCATALOG_COMPILER_GENERATE_SWIFT_ASSET_SYMBOL_EXTENSIONS = YES;
				CLANG_ANALYZER_NONNULL = YES;
				CLANG_ANALYZER_NUMBER_OBJECT_CONVERSION = YES_AGGRESSIVE;
				CLANG_CXX_LANGUAGE_STANDARD = "gnu++20";
				CLANG_ENABLE_MODULES = YES;
				CLANG_ENABLE_OBJC_ARC = YES;
				CLANG_ENABLE_OBJC_WEAK = YES;
				CLANG_WARN_BLOCK_CAPTURE_AUTORELEASING = YES;
				CLANG_WARN_BOOL_CONVERSION = YES;
				CLANG_WARN_COMMA = YES;
				CLANG_WARN_CONSTANT_CONVERSION = YES;
				CLANG_WARN_DEPRECATED_OBJC_IMPLEMENTATIONS = YES;
				CLANG_WARN_DIRECT_OBJC_ISA_USAGE = YES_ERROR;
				CLANG_WARN_DOCUMENTATION_COMMENTS = YES;
				CLANG_WARN_EMPTY_BODY = YES;
				CLANG_WARN_ENUM_CONVERSION = YES;
				CLANG_WARN_INFINITE_RECURSION = YES;
				CLANG_WARN_INT_CONVERSION = YES;
				CLANG_WARN_NON_LITERAL_NULL_CONVERSION = YES;
				CLANG_WARN_OBJC_IMPLICIT_RETAIN_SELF = YES;
				CLANG_WARN_OBJC_LITERAL_CONVERSION = YES;
				CLANG_WARN_OBJC_ROOT_CLASS = YES_ERROR;
				CLANG_WARN_QUOTED_INCLUDE_IN_FRAMEWORK_HEADER = YES;
				CLANG_WARN_RANGE_LOOP_ANALYSIS = YES;
				CLANG_WARN_STRICT_PROTOTYPES = YES;
				CLANG_WARN_SUSPICIOUS_MOVE = YES;
				CLANG_WARN_UNGUARDED_AVAILABILITY = YES_AGGRESSIVE;
				CLANG_WARN_UNREACHABLE_CODE = YES;
				CLANG_WARN__DUPLICATE_METHOD_MATCH = YES;
				COPY_PHASE_STRIP = NO;
				DEBUG_INFORMATION_FORMAT = dwarf;
				ENABLE_STRICT_OBJC_MSGSEND = YES;
				ENABLE_TESTABILITY = YES;
				ENABLE_USER_SCRIPT_SANDBOXING = YES;
				GCC_C_LANGUAGE_STANDARD = gnu17;
				GCC_DYNAMIC_NO_PIC = NO;
				GCC_NO_COMMON_BLOCKS = YES;
				GCC_OPTIMIZATION_LEVEL = 0;
				GCC_PREPROCESSOR_DEFINITIONS = (
					"DEBUG=1",
					"$(inherited)",
				);
				GCC_WARN_64_TO_32_BIT_CONVERSION = YES;
				GCC_WARN_ABOUT_RETURN_TYPE = YES_ERROR;
				GCC_WARN_UNDECLARED_SELECTOR = YES;
				GCC_WARN_UNINITIALIZED_AUTOS = YES_AGGRESSIVE;
				GCC_WARN_UNUSED_FUNCTION = YES;
				GCC_WARN_UNUSED_VARIABLE = YES;
				IPHONEOS_DEPLOYMENT_TARGET = 17.2;
				LOCALIZATION_PREFERS_STRING_CATALOGS = YES;
				MTL_ENABLE_DEBUG_INFO = INCLUDE_SOURCE;
				MTL_FAST_MATH = YES;
				ONLY_ACTIVE_ARCH = YES;
				SDKROOT = iphoneos;
				SWIFT_ACTIVE_COMPILATION_CONDITIONS = "DEBUG $(inherited)";
				SWIFT_OPTIMIZATION_LEVEL = "-Onone";
			};
			name = urban;
		};
		DC4E65842C49BBBB00B08F1A /* urban */ = {
			isa = XCBuildConfiguration;
			baseConfigurationReference = DC4E65892C49BC8200B08F1A /* urban.xcconfig */;
			buildSettings = {
				ASSETCATALOG_COMPILER_APPICON_NAME = "$(AppIcon)";
				ASSETCATALOG_COMPILER_GLOBAL_ACCENT_COLOR_NAME = AccentColor;
				"CODE_SIGN_IDENTITY[sdk=iphoneos*]" = "iPhone Distribution";
				CODE_SIGN_STYLE = Manual;
				CURRENT_PROJECT_VERSION = 10;
				DEVELOPMENT_ASSET_PATHS = "\"UrbanParis/Preview Content\"";
				DEVELOPMENT_TEAM = "";
				"DEVELOPMENT_TEAM[sdk=iphoneos*]" = 69XGLNEF48;
				ENABLE_PREVIEWS = YES;
				GENERATE_INFOPLIST_FILE = YES;
				INFOPLIST_FILE = UrbanParis/Info.plist;
				INFOPLIST_KEY_NSCameraUsageDescription = "L'application a besoin d'accéder à ta caméra afin que tu puisses prendre une photo de profil.";
				INFOPLIST_KEY_NSPhotoLibraryUsageDescription = "L'application a besoin d'accèder aux photos pour sauvegarder le screenshot";
				INFOPLIST_KEY_UIApplicationSceneManifest_Generation = YES;
				INFOPLIST_KEY_UIApplicationSupportsIndirectInputEvents = YES;
				INFOPLIST_KEY_UILaunchStoryboardName = LaunchScreenUrban.storyboard;
				INFOPLIST_KEY_UISupportedInterfaceOrientations = UIInterfaceOrientationPortrait;
				LD_RUNPATH_SEARCH_PATHS = (
					"$(inherited)",
					"@executable_path/Frameworks",
				);
				MARKETING_VERSION = 1.0;
				PRODUCT_BUNDLE_IDENTIFIER = com.yelmouden.release.urban;
				PRODUCT_NAME = "Urban Paris";
				PROVISIONING_PROFILE_SPECIFIER = "";
				"PROVISIONING_PROFILE_SPECIFIER[sdk=iphoneos*]" = "provisionning profile release urban";
				SUPPORTED_PLATFORMS = "iphoneos iphonesimulator";
				SUPPORTS_MACCATALYST = NO;
				SUPPORTS_MAC_DESIGNED_FOR_IPHONE_IPAD = NO;
				SUPPORTS_XR_DESIGNED_FOR_IPHONE_IPAD = NO;
				SWIFT_EMIT_LOC_STRINGS = YES;
				SWIFT_VERSION = 5.0;
				TARGETED_DEVICE_FAMILY = 1;
			};
			name = urban;
		};
		DC4E65852C49BC1C00B08F1A /* nonUrban */ = {
			isa = XCBuildConfiguration;
			baseConfigurationReference = DC4E658A2C49BC8F00B08F1A /* nonUrban.xcconfig */;
			buildSettings = {
				ALWAYS_SEARCH_USER_PATHS = NO;
				ASSETCATALOG_COMPILER_GENERATE_SWIFT_ASSET_SYMBOL_EXTENSIONS = YES;
				CLANG_ANALYZER_NONNULL = YES;
				CLANG_ANALYZER_NUMBER_OBJECT_CONVERSION = YES_AGGRESSIVE;
				CLANG_CXX_LANGUAGE_STANDARD = "gnu++20";
				CLANG_ENABLE_MODULES = YES;
				CLANG_ENABLE_OBJC_ARC = YES;
				CLANG_ENABLE_OBJC_WEAK = YES;
				CLANG_WARN_BLOCK_CAPTURE_AUTORELEASING = YES;
				CLANG_WARN_BOOL_CONVERSION = YES;
				CLANG_WARN_COMMA = YES;
				CLANG_WARN_CONSTANT_CONVERSION = YES;
				CLANG_WARN_DEPRECATED_OBJC_IMPLEMENTATIONS = YES;
				CLANG_WARN_DIRECT_OBJC_ISA_USAGE = YES_ERROR;
				CLANG_WARN_DOCUMENTATION_COMMENTS = YES;
				CLANG_WARN_EMPTY_BODY = YES;
				CLANG_WARN_ENUM_CONVERSION = YES;
				CLANG_WARN_INFINITE_RECURSION = YES;
				CLANG_WARN_INT_CONVERSION = YES;
				CLANG_WARN_NON_LITERAL_NULL_CONVERSION = YES;
				CLANG_WARN_OBJC_IMPLICIT_RETAIN_SELF = YES;
				CLANG_WARN_OBJC_LITERAL_CONVERSION = YES;
				CLANG_WARN_OBJC_ROOT_CLASS = YES_ERROR;
				CLANG_WARN_QUOTED_INCLUDE_IN_FRAMEWORK_HEADER = YES;
				CLANG_WARN_RANGE_LOOP_ANALYSIS = YES;
				CLANG_WARN_STRICT_PROTOTYPES = YES;
				CLANG_WARN_SUSPICIOUS_MOVE = YES;
				CLANG_WARN_UNGUARDED_AVAILABILITY = YES_AGGRESSIVE;
				CLANG_WARN_UNREACHABLE_CODE = YES;
				CLANG_WARN__DUPLICATE_METHOD_MATCH = YES;
				COPY_PHASE_STRIP = NO;
				DEBUG_INFORMATION_FORMAT = dwarf;
				ENABLE_STRICT_OBJC_MSGSEND = YES;
				ENABLE_TESTABILITY = YES;
				ENABLE_USER_SCRIPT_SANDBOXING = YES;
				GCC_C_LANGUAGE_STANDARD = gnu17;
				GCC_DYNAMIC_NO_PIC = NO;
				GCC_NO_COMMON_BLOCKS = YES;
				GCC_OPTIMIZATION_LEVEL = 0;
				GCC_PREPROCESSOR_DEFINITIONS = (
					"DEBUG=1",
					"$(inherited)",
				);
				GCC_WARN_64_TO_32_BIT_CONVERSION = YES;
				GCC_WARN_ABOUT_RETURN_TYPE = YES_ERROR;
				GCC_WARN_UNDECLARED_SELECTOR = YES;
				GCC_WARN_UNINITIALIZED_AUTOS = YES_AGGRESSIVE;
				GCC_WARN_UNUSED_FUNCTION = YES;
				GCC_WARN_UNUSED_VARIABLE = YES;
				IPHONEOS_DEPLOYMENT_TARGET = 17.2;
				LOCALIZATION_PREFERS_STRING_CATALOGS = YES;
				MTL_ENABLE_DEBUG_INFO = INCLUDE_SOURCE;
				MTL_FAST_MATH = YES;
				ONLY_ACTIVE_ARCH = YES;
				SDKROOT = iphoneos;
				SWIFT_ACTIVE_COMPILATION_CONDITIONS = "DEBUG $(inherited)";
				SWIFT_OPTIMIZATION_LEVEL = "-Onone";
			};
			name = nonUrban;
		};
		DC4E65862C49BC1C00B08F1A /* nonUrban */ = {
			isa = XCBuildConfiguration;
			baseConfigurationReference = DC4E658A2C49BC8F00B08F1A /* nonUrban.xcconfig */;
			buildSettings = {
				ASSETCATALOG_COMPILER_APPICON_NAME = "$(AppIcon)";
				ASSETCATALOG_COMPILER_GLOBAL_ACCENT_COLOR_NAME = AccentColor;
				"CODE_SIGN_IDENTITY[sdk=iphoneos*]" = "iPhone Developer";
				CODE_SIGN_STYLE = Manual;
				CURRENT_PROJECT_VERSION = 10;
				DEVELOPMENT_ASSET_PATHS = "\"UrbanParis/Preview Content\"";
				DEVELOPMENT_TEAM = "";
				"DEVELOPMENT_TEAM[sdk=iphoneos*]" = 69XGLNEF48;
				ENABLE_PREVIEWS = YES;
				GENERATE_INFOPLIST_FILE = YES;
				INFOPLIST_FILE = UrbanParis/Info.plist;
				INFOPLIST_KEY_NSCameraUsageDescription = "L'application a besoin d'accéder à ta caméra afin que tu puisses prendre une photo de profil.";
				INFOPLIST_KEY_NSPhotoLibraryUsageDescription = "L'application a besoin d'accèder aux photos pour sauvegarder le screenshot";
				INFOPLIST_KEY_UIApplicationSceneManifest_Generation = YES;
				INFOPLIST_KEY_UIApplicationSupportsIndirectInputEvents = YES;
				INFOPLIST_KEY_UILaunchStoryboardName = LaunchScreenUrban.storyboard;
				INFOPLIST_KEY_UISupportedInterfaceOrientations = UIInterfaceOrientationPortrait;
				LD_RUNPATH_SEARCH_PATHS = (
					"$(inherited)",
					"@executable_path/Frameworks",
				);
				MARKETING_VERSION = 1.0;
				PRODUCT_BUNDLE_IDENTIFIER = com.yelmouden.nonUrban;
				PRODUCT_NAME = "Urban Paris";
				PROVISIONING_PROFILE_SPECIFIER = "";
				"PROVISIONING_PROFILE_SPECIFIER[sdk=iphoneos*]" = "provisionning profile urban paris";
				SUPPORTED_PLATFORMS = "iphoneos iphonesimulator";
				SUPPORTS_MACCATALYST = NO;
				SUPPORTS_MAC_DESIGNED_FOR_IPHONE_IPAD = NO;
				SUPPORTS_XR_DESIGNED_FOR_IPHONE_IPAD = NO;
				SWIFT_EMIT_LOC_STRINGS = YES;
				SWIFT_VERSION = 5.0;
				TARGETED_DEVICE_FAMILY = 1;
			};
			name = nonUrban;
		};
		DCB9647F2C57F83D0073E92C /* UrbanParisTests */ = {
			isa = XCBuildConfiguration;
			baseConfigurationReference = DC0015F02C50070800416056 /* urban-debug.xcconfig */;
			buildSettings = {
				ALWAYS_SEARCH_USER_PATHS = NO;
				ASSETCATALOG_COMPILER_GENERATE_SWIFT_ASSET_SYMBOL_EXTENSIONS = YES;
				CLANG_ANALYZER_NONNULL = YES;
				CLANG_ANALYZER_NUMBER_OBJECT_CONVERSION = YES_AGGRESSIVE;
				CLANG_CXX_LANGUAGE_STANDARD = "gnu++20";
				CLANG_ENABLE_MODULES = YES;
				CLANG_ENABLE_OBJC_ARC = YES;
				CLANG_ENABLE_OBJC_WEAK = YES;
				CLANG_WARN_BLOCK_CAPTURE_AUTORELEASING = YES;
				CLANG_WARN_BOOL_CONVERSION = YES;
				CLANG_WARN_COMMA = YES;
				CLANG_WARN_CONSTANT_CONVERSION = YES;
				CLANG_WARN_DEPRECATED_OBJC_IMPLEMENTATIONS = YES;
				CLANG_WARN_DIRECT_OBJC_ISA_USAGE = YES_ERROR;
				CLANG_WARN_DOCUMENTATION_COMMENTS = YES;
				CLANG_WARN_EMPTY_BODY = YES;
				CLANG_WARN_ENUM_CONVERSION = YES;
				CLANG_WARN_INFINITE_RECURSION = YES;
				CLANG_WARN_INT_CONVERSION = YES;
				CLANG_WARN_NON_LITERAL_NULL_CONVERSION = YES;
				CLANG_WARN_OBJC_IMPLICIT_RETAIN_SELF = YES;
				CLANG_WARN_OBJC_LITERAL_CONVERSION = YES;
				CLANG_WARN_OBJC_ROOT_CLASS = YES_ERROR;
				CLANG_WARN_QUOTED_INCLUDE_IN_FRAMEWORK_HEADER = YES;
				CLANG_WARN_RANGE_LOOP_ANALYSIS = YES;
				CLANG_WARN_STRICT_PROTOTYPES = YES;
				CLANG_WARN_SUSPICIOUS_MOVE = YES;
				CLANG_WARN_UNGUARDED_AVAILABILITY = YES_AGGRESSIVE;
				CLANG_WARN_UNREACHABLE_CODE = YES;
				CLANG_WARN__DUPLICATE_METHOD_MATCH = YES;
				COPY_PHASE_STRIP = NO;
				DEBUG_INFORMATION_FORMAT = dwarf;
				ENABLE_STRICT_OBJC_MSGSEND = YES;
				ENABLE_TESTABILITY = YES;
				ENABLE_USER_SCRIPT_SANDBOXING = YES;
				GCC_C_LANGUAGE_STANDARD = gnu17;
				GCC_DYNAMIC_NO_PIC = NO;
				GCC_NO_COMMON_BLOCKS = YES;
				GCC_OPTIMIZATION_LEVEL = 0;
				GCC_PREPROCESSOR_DEFINITIONS = (
					"DEBUG=1",
					"$(inherited)",
				);
				GCC_WARN_64_TO_32_BIT_CONVERSION = YES;
				GCC_WARN_ABOUT_RETURN_TYPE = YES_ERROR;
				GCC_WARN_UNDECLARED_SELECTOR = YES;
				GCC_WARN_UNINITIALIZED_AUTOS = YES_AGGRESSIVE;
				GCC_WARN_UNUSED_FUNCTION = YES;
				GCC_WARN_UNUSED_VARIABLE = YES;
				IPHONEOS_DEPLOYMENT_TARGET = 17.2;
				LOCALIZATION_PREFERS_STRING_CATALOGS = YES;
				MTL_ENABLE_DEBUG_INFO = INCLUDE_SOURCE;
				MTL_FAST_MATH = YES;
				ONLY_ACTIVE_ARCH = YES;
				SDKROOT = iphoneos;
				SWIFT_ACTIVE_COMPILATION_CONDITIONS = "DEBUG $(inherited)";
				SWIFT_OPTIMIZATION_LEVEL = "-Onone";
			};
			name = UrbanParisTests;
		};
		DCB964802C57F83D0073E92C /* UrbanParisTests */ = {
			isa = XCBuildConfiguration;
			baseConfigurationReference = DC0015F02C50070800416056 /* urban-debug.xcconfig */;
			buildSettings = {
				ASSETCATALOG_COMPILER_APPICON_NAME = "$(AppIcon)";
				ASSETCATALOG_COMPILER_GLOBAL_ACCENT_COLOR_NAME = AccentColor;
				"CODE_SIGN_IDENTITY[sdk=iphoneos*]" = "iPhone Distribution";
				CODE_SIGN_STYLE = Manual;
				CURRENT_PROJECT_VERSION = 10;
				DEVELOPMENT_ASSET_PATHS = "\"UrbanParis/Preview Content\"";
				DEVELOPMENT_TEAM = "";
				"DEVELOPMENT_TEAM[sdk=iphoneos*]" = 69XGLNEF48;
				ENABLE_PREVIEWS = YES;
				GENERATE_INFOPLIST_FILE = YES;
				INFOPLIST_FILE = UrbanParis/Info.plist;
				INFOPLIST_KEY_NSCameraUsageDescription = "L'application a besoin d'accéder à ta caméra afin que tu puisses prendre une photo de profil.";
				INFOPLIST_KEY_NSPhotoLibraryUsageDescription = "L'application a besoin d'accèder aux photos pour sauvegarder le screenshot";
				INFOPLIST_KEY_UIApplicationSceneManifest_Generation = YES;
				INFOPLIST_KEY_UIApplicationSupportsIndirectInputEvents = YES;
				INFOPLIST_KEY_UILaunchStoryboardName = LaunchScreenUrban.storyboard;
				INFOPLIST_KEY_UISupportedInterfaceOrientations = UIInterfaceOrientationPortrait;
				LD_RUNPATH_SEARCH_PATHS = (
					"$(inherited)",
					"@executable_path/Frameworks",
				);
				MARKETING_VERSION = 1.0;
				PRODUCT_BUNDLE_IDENTIFIER = com.yelmouden.urban;
				PRODUCT_NAME = "Urban Paris";
				PROVISIONING_PROFILE_SPECIFIER = "";
				"PROVISIONING_PROFILE_SPECIFIER[sdk=iphoneos*]" = "provisionning profile release urban";
				SUPPORTED_PLATFORMS = "iphoneos iphonesimulator";
				SUPPORTS_MACCATALYST = NO;
				SUPPORTS_MAC_DESIGNED_FOR_IPHONE_IPAD = NO;
				SUPPORTS_XR_DESIGNED_FOR_IPHONE_IPAD = NO;
				SWIFT_EMIT_LOC_STRINGS = YES;
				SWIFT_VERSION = 5.0;
				TARGETED_DEVICE_FAMILY = 1;
			};
			name = UrbanParisTests;
		};
		DCD22FA02C4C0978004A17D6 /* nonUrbanDebug */ = {
			isa = XCBuildConfiguration;
			baseConfigurationReference = DC0015F12C50071E00416056 /* nonUrban-debug.xcconfig */;
			buildSettings = {
				ALWAYS_SEARCH_USER_PATHS = NO;
				ASSETCATALOG_COMPILER_GENERATE_SWIFT_ASSET_SYMBOL_EXTENSIONS = YES;
				CLANG_ANALYZER_NONNULL = YES;
				CLANG_ANALYZER_NUMBER_OBJECT_CONVERSION = YES_AGGRESSIVE;
				CLANG_CXX_LANGUAGE_STANDARD = "gnu++20";
				CLANG_ENABLE_MODULES = YES;
				CLANG_ENABLE_OBJC_ARC = YES;
				CLANG_ENABLE_OBJC_WEAK = YES;
				CLANG_WARN_BLOCK_CAPTURE_AUTORELEASING = YES;
				CLANG_WARN_BOOL_CONVERSION = YES;
				CLANG_WARN_COMMA = YES;
				CLANG_WARN_CONSTANT_CONVERSION = YES;
				CLANG_WARN_DEPRECATED_OBJC_IMPLEMENTATIONS = YES;
				CLANG_WARN_DIRECT_OBJC_ISA_USAGE = YES_ERROR;
				CLANG_WARN_DOCUMENTATION_COMMENTS = YES;
				CLANG_WARN_EMPTY_BODY = YES;
				CLANG_WARN_ENUM_CONVERSION = YES;
				CLANG_WARN_INFINITE_RECURSION = YES;
				CLANG_WARN_INT_CONVERSION = YES;
				CLANG_WARN_NON_LITERAL_NULL_CONVERSION = YES;
				CLANG_WARN_OBJC_IMPLICIT_RETAIN_SELF = YES;
				CLANG_WARN_OBJC_LITERAL_CONVERSION = YES;
				CLANG_WARN_OBJC_ROOT_CLASS = YES_ERROR;
				CLANG_WARN_QUOTED_INCLUDE_IN_FRAMEWORK_HEADER = YES;
				CLANG_WARN_RANGE_LOOP_ANALYSIS = YES;
				CLANG_WARN_STRICT_PROTOTYPES = YES;
				CLANG_WARN_SUSPICIOUS_MOVE = YES;
				CLANG_WARN_UNGUARDED_AVAILABILITY = YES_AGGRESSIVE;
				CLANG_WARN_UNREACHABLE_CODE = YES;
				CLANG_WARN__DUPLICATE_METHOD_MATCH = YES;
				COPY_PHASE_STRIP = NO;
				DEBUG_INFORMATION_FORMAT = dwarf;
				ENABLE_STRICT_OBJC_MSGSEND = YES;
				ENABLE_TESTABILITY = YES;
				ENABLE_USER_SCRIPT_SANDBOXING = YES;
				GCC_C_LANGUAGE_STANDARD = gnu17;
				GCC_DYNAMIC_NO_PIC = NO;
				GCC_NO_COMMON_BLOCKS = YES;
				GCC_OPTIMIZATION_LEVEL = 0;
				GCC_PREPROCESSOR_DEFINITIONS = (
					"DEBUG=1",
					"$(inherited)",
				);
				GCC_WARN_64_TO_32_BIT_CONVERSION = YES;
				GCC_WARN_ABOUT_RETURN_TYPE = YES_ERROR;
				GCC_WARN_UNDECLARED_SELECTOR = YES;
				GCC_WARN_UNINITIALIZED_AUTOS = YES_AGGRESSIVE;
				GCC_WARN_UNUSED_FUNCTION = YES;
				GCC_WARN_UNUSED_VARIABLE = YES;
				IPHONEOS_DEPLOYMENT_TARGET = 17.2;
				LOCALIZATION_PREFERS_STRING_CATALOGS = YES;
				MTL_ENABLE_DEBUG_INFO = INCLUDE_SOURCE;
				MTL_FAST_MATH = YES;
				ONLY_ACTIVE_ARCH = YES;
				SDKROOT = iphoneos;
				SWIFT_ACTIVE_COMPILATION_CONDITIONS = "DEBUG $(inherited)";
				SWIFT_OPTIMIZATION_LEVEL = "-Onone";
			};
			name = nonUrbanDebug;
		};
		DCD22FA12C4C0978004A17D6 /* nonUrbanDebug */ = {
			isa = XCBuildConfiguration;
			baseConfigurationReference = DC0015F12C50071E00416056 /* nonUrban-debug.xcconfig */;
			buildSettings = {
				ASSETCATALOG_COMPILER_APPICON_NAME = "$(AppIcon)";
				ASSETCATALOG_COMPILER_GLOBAL_ACCENT_COLOR_NAME = AccentColor;
				"CODE_SIGN_IDENTITY[sdk=iphoneos*]" = "iPhone Developer";
				CODE_SIGN_STYLE = Manual;
				CURRENT_PROJECT_VERSION = 10;
				DEVELOPMENT_ASSET_PATHS = "\"UrbanParis/Preview Content\"";
				DEVELOPMENT_TEAM = "";
				"DEVELOPMENT_TEAM[sdk=iphoneos*]" = 69XGLNEF48;
				ENABLE_PREVIEWS = YES;
				GENERATE_INFOPLIST_FILE = YES;
				INFOPLIST_FILE = UrbanParis/Info.plist;
				INFOPLIST_KEY_NSCameraUsageDescription = "L'application a besoin d'accéder à ta caméra afin que tu puisses prendre une photo de profil.";
				INFOPLIST_KEY_NSPhotoLibraryUsageDescription = "L'application a besoin d'accèder aux photos pour sauvegarder le screenshot";
				INFOPLIST_KEY_UIApplicationSceneManifest_Generation = YES;
				INFOPLIST_KEY_UIApplicationSupportsIndirectInputEvents = YES;
				INFOPLIST_KEY_UILaunchStoryboardName = LaunchScreenUrban.storyboard;
				INFOPLIST_KEY_UISupportedInterfaceOrientations = UIInterfaceOrientationPortrait;
				LD_RUNPATH_SEARCH_PATHS = (
					"$(inherited)",
					"@executable_path/Frameworks",
				);
				MARKETING_VERSION = 1.0;
				PRODUCT_BUNDLE_IDENTIFIER = com.yelmouden.debug.up;
				PRODUCT_NAME = "Urban Paris";
				PROVISIONING_PROFILE_SPECIFIER = "";
				"PROVISIONING_PROFILE_SPECIFIER[sdk=iphoneos*]" = "provisionning profile urban paris";
				SUPPORTED_PLATFORMS = "iphoneos iphonesimulator";
				SUPPORTS_MACCATALYST = NO;
				SUPPORTS_MAC_DESIGNED_FOR_IPHONE_IPAD = NO;
				SUPPORTS_XR_DESIGNED_FOR_IPHONE_IPAD = NO;
				SWIFT_EMIT_LOC_STRINGS = YES;
				SWIFT_VERSION = 5.0;
				TARGETED_DEVICE_FAMILY = 1;
			};
			name = nonUrbanDebug;
		};
		DCD8AEA72C47E91E0070B0D1 /* UrbanDebug */ = {
			isa = XCBuildConfiguration;
			baseConfigurationReference = DC0015F02C50070800416056 /* urban-debug.xcconfig */;
			buildSettings = {
				ALWAYS_SEARCH_USER_PATHS = NO;
				ASSETCATALOG_COMPILER_GENERATE_SWIFT_ASSET_SYMBOL_EXTENSIONS = YES;
				CLANG_ANALYZER_NONNULL = YES;
				CLANG_ANALYZER_NUMBER_OBJECT_CONVERSION = YES_AGGRESSIVE;
				CLANG_CXX_LANGUAGE_STANDARD = "gnu++20";
				CLANG_ENABLE_MODULES = YES;
				CLANG_ENABLE_OBJC_ARC = YES;
				CLANG_ENABLE_OBJC_WEAK = YES;
				CLANG_WARN_BLOCK_CAPTURE_AUTORELEASING = YES;
				CLANG_WARN_BOOL_CONVERSION = YES;
				CLANG_WARN_COMMA = YES;
				CLANG_WARN_CONSTANT_CONVERSION = YES;
				CLANG_WARN_DEPRECATED_OBJC_IMPLEMENTATIONS = YES;
				CLANG_WARN_DIRECT_OBJC_ISA_USAGE = YES_ERROR;
				CLANG_WARN_DOCUMENTATION_COMMENTS = YES;
				CLANG_WARN_EMPTY_BODY = YES;
				CLANG_WARN_ENUM_CONVERSION = YES;
				CLANG_WARN_INFINITE_RECURSION = YES;
				CLANG_WARN_INT_CONVERSION = YES;
				CLANG_WARN_NON_LITERAL_NULL_CONVERSION = YES;
				CLANG_WARN_OBJC_IMPLICIT_RETAIN_SELF = YES;
				CLANG_WARN_OBJC_LITERAL_CONVERSION = YES;
				CLANG_WARN_OBJC_ROOT_CLASS = YES_ERROR;
				CLANG_WARN_QUOTED_INCLUDE_IN_FRAMEWORK_HEADER = YES;
				CLANG_WARN_RANGE_LOOP_ANALYSIS = YES;
				CLANG_WARN_STRICT_PROTOTYPES = YES;
				CLANG_WARN_SUSPICIOUS_MOVE = YES;
				CLANG_WARN_UNGUARDED_AVAILABILITY = YES_AGGRESSIVE;
				CLANG_WARN_UNREACHABLE_CODE = YES;
				CLANG_WARN__DUPLICATE_METHOD_MATCH = YES;
				COPY_PHASE_STRIP = NO;
				DEBUG_INFORMATION_FORMAT = dwarf;
				ENABLE_STRICT_OBJC_MSGSEND = YES;
				ENABLE_TESTABILITY = YES;
				ENABLE_USER_SCRIPT_SANDBOXING = YES;
				GCC_C_LANGUAGE_STANDARD = gnu17;
				GCC_DYNAMIC_NO_PIC = NO;
				GCC_NO_COMMON_BLOCKS = YES;
				GCC_OPTIMIZATION_LEVEL = 0;
				GCC_PREPROCESSOR_DEFINITIONS = (
					"DEBUG=1",
					"$(inherited)",
				);
				GCC_WARN_64_TO_32_BIT_CONVERSION = YES;
				GCC_WARN_ABOUT_RETURN_TYPE = YES_ERROR;
				GCC_WARN_UNDECLARED_SELECTOR = YES;
				GCC_WARN_UNINITIALIZED_AUTOS = YES_AGGRESSIVE;
				GCC_WARN_UNUSED_FUNCTION = YES;
				GCC_WARN_UNUSED_VARIABLE = YES;
				IPHONEOS_DEPLOYMENT_TARGET = 17.2;
				LOCALIZATION_PREFERS_STRING_CATALOGS = YES;
				MTL_ENABLE_DEBUG_INFO = INCLUDE_SOURCE;
				MTL_FAST_MATH = YES;
				ONLY_ACTIVE_ARCH = YES;
				SDKROOT = iphoneos;
				SWIFT_ACTIVE_COMPILATION_CONDITIONS = "DEBUG $(inherited)";
				SWIFT_OPTIMIZATION_LEVEL = "-Onone";
			};
			name = UrbanDebug;
		};
		DCD8AEAA2C47E91E0070B0D1 /* UrbanDebug */ = {
			isa = XCBuildConfiguration;
			baseConfigurationReference = DC0015F02C50070800416056 /* urban-debug.xcconfig */;
			buildSettings = {
				ASSETCATALOG_COMPILER_APPICON_NAME = "$(AppIcon)";
				ASSETCATALOG_COMPILER_GLOBAL_ACCENT_COLOR_NAME = AccentColor;
				"CODE_SIGN_IDENTITY[sdk=iphoneos*]" = "iPhone Developer";
				CODE_SIGN_STYLE = Manual;
				CURRENT_PROJECT_VERSION = 10;
				DEVELOPMENT_ASSET_PATHS = "\"UrbanParis/Preview Content\"";
				DEVELOPMENT_TEAM = "";
				"DEVELOPMENT_TEAM[sdk=iphoneos*]" = 69XGLNEF48;
				ENABLE_PREVIEWS = YES;
				GENERATE_INFOPLIST_FILE = YES;
				INFOPLIST_FILE = UrbanParis/Info.plist;
				INFOPLIST_KEY_NSCameraUsageDescription = "L'application a besoin d'accéder à ta caméra afin que tu puisses prendre une photo de profil.";
				INFOPLIST_KEY_NSPhotoLibraryUsageDescription = "L'application a besoin d'accèder aux photos pour sauvegarder le screenshot";
				INFOPLIST_KEY_UIApplicationSceneManifest_Generation = YES;
				INFOPLIST_KEY_UIApplicationSupportsIndirectInputEvents = YES;
				INFOPLIST_KEY_UILaunchStoryboardName = LaunchScreenUrban.storyboard;
				INFOPLIST_KEY_UISupportedInterfaceOrientations = UIInterfaceOrientationPortrait;
				LD_RUNPATH_SEARCH_PATHS = (
					"$(inherited)",
					"@executable_path/Frameworks",
				);
				MARKETING_VERSION = 1.0;
				PRODUCT_BUNDLE_IDENTIFIER = com.yelmouden.debug.up;
				PRODUCT_NAME = "Urban Paris";
				PROVISIONING_PROFILE_SPECIFIER = "";
				"PROVISIONING_PROFILE_SPECIFIER[sdk=iphoneos*]" = "provisionning profile urban paris";
				SUPPORTED_PLATFORMS = "iphoneos iphonesimulator";
				SUPPORTS_MACCATALYST = NO;
				SUPPORTS_MAC_DESIGNED_FOR_IPHONE_IPAD = NO;
				SUPPORTS_XR_DESIGNED_FOR_IPHONE_IPAD = NO;
				SWIFT_EMIT_LOC_STRINGS = YES;
				SWIFT_VERSION = 5.0;
				TARGETED_DEVICE_FAMILY = 1;
			};
			name = UrbanDebug;
		};
/* End XCBuildConfiguration section */

/* Begin XCConfigurationList section */
		DCD8AE962C47E91C0070B0D1 /* Build configuration list for PBXProject "UrbanParis" */ = {
			isa = XCConfigurationList;
			buildConfigurations = (
				DCD8AEA72C47E91E0070B0D1 /* UrbanDebug */,
				DCB9647F2C57F83D0073E92C /* UrbanParisTests */,
				DCD22FA02C4C0978004A17D6 /* nonUrbanDebug */,
				DC4E65832C49BBBB00B08F1A /* urban */,
				DC4E65852C49BC1C00B08F1A /* nonUrban */,
			);
			defaultConfigurationIsVisible = 0;
			defaultConfigurationName = UrbanParisTests;
		};
		DCD8AEA92C47E91E0070B0D1 /* Build configuration list for PBXNativeTarget "UrbanParis" */ = {
			isa = XCConfigurationList;
			buildConfigurations = (
				DCD8AEAA2C47E91E0070B0D1 /* UrbanDebug */,
				DCB964802C57F83D0073E92C /* UrbanParisTests */,
				DCD22FA12C4C0978004A17D6 /* nonUrbanDebug */,
				DC4E65842C49BBBB00B08F1A /* urban */,
				DC4E65862C49BC1C00B08F1A /* nonUrban */,
			);
			defaultConfigurationIsVisible = 0;
			defaultConfigurationName = UrbanParisTests;
		};
/* End XCConfigurationList section */

/* Begin XCRemoteSwiftPackageReference section */
		DC0015EB2C4FD55200416056 /* XCRemoteSwiftPackageReference "lottie-ios" */ = {
			isa = XCRemoteSwiftPackageReference;
			repositoryURL = "https://github.com/airbnb/lottie-ios";
			requirement = {
				kind = upToNextMajorVersion;
				minimumVersion = 4.5.0;
			};
		};
		DC1B80AE2CF11A6200FA9997 /* XCRemoteSwiftPackageReference "swift-dependencies" */ = {
			isa = XCRemoteSwiftPackageReference;
			repositoryURL = "https://github.com/pointfreeco/swift-dependencies";
			requirement = {
				kind = exactVersion;
				version = 1.5.2;
			};
		};
		DC61D1EC2C50248F0047136F /* XCRemoteSwiftPackageReference "AnimateText" */ = {
			isa = XCRemoteSwiftPackageReference;
			repositoryURL = "https://github.com/jasudev/AnimateText";
			requirement = {
				kind = upToNextMajorVersion;
				minimumVersion = 0.5.0;
			};
		};
/* End XCRemoteSwiftPackageReference section */

/* Begin XCSwiftPackageProductDependency section */
		DC0015EC2C4FD55200416056 /* Lottie */ = {
			isa = XCSwiftPackageProductDependency;
			package = DC0015EB2C4FD55200416056 /* XCRemoteSwiftPackageReference "lottie-ios" */;
			productName = Lottie;
		};
		DC025EFF2C4972310050B457 /* DesignSystem */ = {
			isa = XCSwiftPackageProductDependency;
			productName = DesignSystem;
		};
		DC12B89B2C50627100F3FF93 /* PDFFeature */ = {
			isa = XCSwiftPackageProductDependency;
			productName = PDFFeature;
		};
		DC12B8A12C513DFC00F3FF93 /* ProfileManager */ = {
			isa = XCSwiftPackageProductDependency;
			productName = ProfileManager;
		};
		DC1B80AF2CF11A6200FA9997 /* Dependencies */ = {
			isa = XCSwiftPackageProductDependency;
			package = DC1B80AE2CF11A6200FA9997 /* XCRemoteSwiftPackageReference "swift-dependencies" */;
			productName = Dependencies;
		};
		DC1B80B12CF11A6200FA9997 /* DependenciesMacros */ = {
			isa = XCSwiftPackageProductDependency;
			package = DC1B80AE2CF11A6200FA9997 /* XCRemoteSwiftPackageReference "swift-dependencies" */;
			productName = DependenciesMacros;
		};
		DC4E65812C49839E00B08F1A /* SharedResources */ = {
			isa = XCSwiftPackageProductDependency;
			productName = SharedResources;
		};
		DC54131B2C53E93600BF0010 /* TravelMatchesFeature */ = {
			isa = XCSwiftPackageProductDependency;
			productName = TravelMatchesFeature;
		};
		DC61D1ED2C50248F0047136F /* AnimateText */ = {
			isa = XCSwiftPackageProductDependency;
			package = DC61D1EC2C50248F0047136F /* XCRemoteSwiftPackageReference "AnimateText" */;
			productName = AnimateText;
		};
		DC61D1EF2C50583D0047136F /* SettingsFeature */ = {
			isa = XCSwiftPackageProductDependency;
			productName = SettingsFeature;
		};
		DC6FD5BA2C5AA8D400536C19 /* AuthenticationManager */ = {
			isa = XCSwiftPackageProductDependency;
			productName = AuthenticationManager;
		};
		DC6FD5FB2C60FF4400536C19 /* MatosFeature */ = {
			isa = XCSwiftPackageProductDependency;
			productName = MatosFeature;
		};
		DC7914FB2C4EB012005A3244 /* ProfileFeature */ = {
			isa = XCSwiftPackageProductDependency;
			productName = ProfileFeature;
		};
		DC7F514B2C52ABA600C6D4BE /* CotisationsFeature */ = {
			isa = XCSwiftPackageProductDependency;
			productName = CotisationsFeature;
		};
		DCB623632C56E62000EA13F7 /* DeepLinkManager */ = {
			isa = XCSwiftPackageProductDependency;
			productName = DeepLinkManager;
		};
		DCD8AEB02C4962480070B0D1 /* LoginFeature */ = {
			isa = XCSwiftPackageProductDependency;
			productName = LoginFeature;
		};
/* End XCSwiftPackageProductDependency section */
	};
	rootObject = DCD8AE932C47E91C0070B0D1 /* Project object */;
}
