// !$*UTF8*$!
{
	archiveVersion = 1;
	classes = {
	};
	objectVersion = 56;
	objects = {

/* Begin PBXBuildFile section */
		DC0015E12C4FCEF900416056 /* CharteFeature in Frameworks */ = {isa = PBXBuildFile; productRef = DC0015E02C4FCEF900416056 /* CharteFeature */; };
		DC0015E72C4FD41100416056 /* fumiBlueAnimation.json in Resources */ = {isa = PBXBuildFile; fileRef = DC0015E52C4FD41100416056 /* fumiBlueAnimation.json */; };
		DC0015EA2C4FD42500416056 /* SmokeManView.swift in Sources */ = {isa = PBXBuildFile; fileRef = DC0015E92C4FD42500416056 /* SmokeManView.swift */; };
		DC0015ED2C4FD55200416056 /* Lottie in Frameworks */ = {isa = PBXBuildFile; productRef = DC0015EC2C4FD55200416056 /* Lottie */; };
		DC0015EF2C4FD80000416056 /* fumiRedAnimation.json in Resources */ = {isa = PBXBuildFile; fileRef = DC0015EE2C4FD80000416056 /* fumiRedAnimation.json */; };
		DC0015F22C50071E00416056 /* nonUrban-debug.xcconfig in Resources */ = {isa = PBXBuildFile; fileRef = DC0015F12C50071E00416056 /* nonUrban-debug.xcconfig */; };
		DC0015F72C50118800416056 /* Common.xcconfig in Resources */ = {isa = PBXBuildFile; fileRef = DC4E65882C49BC7800B08F1A /* Common.xcconfig */; };
		DC0015F82C50118A00416056 /* urban.xcconfig in Resources */ = {isa = PBXBuildFile; fileRef = DC4E65892C49BC8200B08F1A /* urban.xcconfig */; };
		DC0015F92C50118D00416056 /* urban-debug.xcconfig in Resources */ = {isa = PBXBuildFile; fileRef = DC0015F02C50070800416056 /* urban-debug.xcconfig */; };
		DC0015FA2C50118F00416056 /* nonUrban.xcconfig in Resources */ = {isa = PBXBuildFile; fileRef = DC4E658A2C49BC8F00B08F1A /* nonUrban.xcconfig */; };
		DC0015FD2C5021B100416056 /* AppViewModel.swift in Sources */ = {isa = PBXBuildFile; fileRef = DC0015FC2C5021B100416056 /* AppViewModel.swift */; };
		DC0015FF2C50226400416056 /* DeepLinkManager in Frameworks */ = {isa = PBXBuildFile; productRef = DC0015FE2C50226400416056 /* DeepLinkManager */; };
		DC025F002C4972310050B457 /* DesignSystem in Frameworks */ = {isa = PBXBuildFile; productRef = DC025EFF2C4972310050B457 /* DesignSystem */; };
		DC4E65802C49834300B08F1A /* LaunchScreenUrban.storyboard in Resources */ = {isa = PBXBuildFile; fileRef = DC4E657F2C49834300B08F1A /* LaunchScreenUrban.storyboard */; };
		DC4E65822C49839E00B08F1A /* SharedResources in Frameworks */ = {isa = PBXBuildFile; productRef = DC4E65812C49839E00B08F1A /* SharedResources */; };
		DC4E65922C49C9A500B08F1A /* LaunchScreenNonUrban.storyboard in Resources */ = {isa = PBXBuildFile; fileRef = DC4E65912C49C9A500B08F1A /* LaunchScreenNonUrban.storyboard */; };
		DC61D1EB2C5023C40047136F /* SplashscreenView.swift in Sources */ = {isa = PBXBuildFile; fileRef = DC61D1EA2C5023C40047136F /* SplashscreenView.swift */; };
		DC61D1EE2C50248F0047136F /* AnimateText in Frameworks */ = {isa = PBXBuildFile; productRef = DC61D1ED2C50248F0047136F /* AnimateText */; };
		DC760BE22C4B222C0008990B /* UrbanParisPackage in Resources */ = {isa = PBXBuildFile; fileRef = DC760BE12C4B222C0008990B /* UrbanParisPackage */; };
		DC7914FC2C4EB012005A3244 /* ProfileFeature in Frameworks */ = {isa = PBXBuildFile; productRef = DC7914FB2C4EB012005A3244 /* ProfileFeature */; };
		DCA8975C2C4EDECE00788FC6 /* HomeView.swift in Sources */ = {isa = PBXBuildFile; fileRef = DCA8975B2C4EDECE00788FC6 /* HomeView.swift */; };
		DCD8AE9F2C47E91C0070B0D1 /* UrbanParisApp.swift in Sources */ = {isa = PBXBuildFile; fileRef = DCD8AE9E2C47E91C0070B0D1 /* UrbanParisApp.swift */; };
		DCD8AEA32C47E91E0070B0D1 /* Assets.xcassets in Resources */ = {isa = PBXBuildFile; fileRef = DCD8AEA22C47E91E0070B0D1 /* Assets.xcassets */; };
		DCD8AEA62C47E91E0070B0D1 /* Preview Assets.xcassets in Resources */ = {isa = PBXBuildFile; fileRef = DCD8AEA52C47E91E0070B0D1 /* Preview Assets.xcassets */; };
		DCD8AEAE2C49610B0070B0D1 /* AppView.swift in Sources */ = {isa = PBXBuildFile; fileRef = DCD8AEAD2C49610B0070B0D1 /* AppView.swift */; };
		DCD8AEB12C4962480070B0D1 /* LoginFeature in Frameworks */ = {isa = PBXBuildFile; productRef = DCD8AEB02C4962480070B0D1 /* LoginFeature */; };
/* End PBXBuildFile section */

/* Begin PBXFileReference section */
		DC0015E52C4FD41100416056 /* fumiBlueAnimation.json */ = {isa = PBXFileReference; fileEncoding = 4; lastKnownFileType = text.json; path = fumiBlueAnimation.json; sourceTree = "<group>"; };
		DC0015E92C4FD42500416056 /* SmokeManView.swift */ = {isa = PBXFileReference; fileEncoding = 4; lastKnownFileType = sourcecode.swift; path = SmokeManView.swift; sourceTree = "<group>"; };
		DC0015EE2C4FD80000416056 /* fumiRedAnimation.json */ = {isa = PBXFileReference; fileEncoding = 4; lastKnownFileType = text.json; path = fumiRedAnimation.json; sourceTree = "<group>"; };
		DC0015F02C50070800416056 /* urban-debug.xcconfig */ = {isa = PBXFileReference; lastKnownFileType = text.xcconfig; path = "urban-debug.xcconfig"; sourceTree = "<group>"; };
		DC0015F12C50071E00416056 /* nonUrban-debug.xcconfig */ = {isa = PBXFileReference; lastKnownFileType = text.xcconfig; path = "nonUrban-debug.xcconfig"; sourceTree = "<group>"; };
		DC0015FC2C5021B100416056 /* AppViewModel.swift */ = {isa = PBXFileReference; lastKnownFileType = sourcecode.swift; path = AppViewModel.swift; sourceTree = "<group>"; };
		DC4E657F2C49834300B08F1A /* LaunchScreenUrban.storyboard */ = {isa = PBXFileReference; lastKnownFileType = file.storyboard; path = LaunchScreenUrban.storyboard; sourceTree = "<group>"; };
		DC4E65882C49BC7800B08F1A /* Common.xcconfig */ = {isa = PBXFileReference; lastKnownFileType = text.xcconfig; path = Common.xcconfig; sourceTree = "<group>"; };
		DC4E65892C49BC8200B08F1A /* urban.xcconfig */ = {isa = PBXFileReference; lastKnownFileType = text.xcconfig; path = urban.xcconfig; sourceTree = "<group>"; };
		DC4E658A2C49BC8F00B08F1A /* nonUrban.xcconfig */ = {isa = PBXFileReference; lastKnownFileType = text.xcconfig; path = nonUrban.xcconfig; sourceTree = "<group>"; };
		DC4E65902C49C6B500B08F1A /* Info.plist */ = {isa = PBXFileReference; lastKnownFileType = text.plist; path = Info.plist; sourceTree = "<group>"; };
		DC4E65912C49C9A500B08F1A /* LaunchScreenNonUrban.storyboard */ = {isa = PBXFileReference; lastKnownFileType = file.storyboard; path = LaunchScreenNonUrban.storyboard; sourceTree = "<group>"; };
		DC61D1EA2C5023C40047136F /* SplashscreenView.swift */ = {isa = PBXFileReference; lastKnownFileType = sourcecode.swift; path = SplashscreenView.swift; sourceTree = "<group>"; };
		DC760BE12C4B222C0008990B /* UrbanParisPackage */ = {isa = PBXFileReference; lastKnownFileType = wrapper; path = UrbanParisPackage; sourceTree = "<group>"; };
		DCA8975B2C4EDECE00788FC6 /* HomeView.swift */ = {isa = PBXFileReference; lastKnownFileType = sourcecode.swift; path = HomeView.swift; sourceTree = "<group>"; };
		DCD8AE9B2C47E91C0070B0D1 /* Urban Paris.app */ = {isa = PBXFileReference; explicitFileType = wrapper.application; includeInIndex = 0; path = "Urban Paris.app"; sourceTree = BUILT_PRODUCTS_DIR; };
		DCD8AE9E2C47E91C0070B0D1 /* UrbanParisApp.swift */ = {isa = PBXFileReference; lastKnownFileType = sourcecode.swift; path = UrbanParisApp.swift; sourceTree = "<group>"; };
		DCD8AEA22C47E91E0070B0D1 /* Assets.xcassets */ = {isa = PBXFileReference; lastKnownFileType = folder.assetcatalog; path = Assets.xcassets; sourceTree = "<group>"; };
		DCD8AEA52C47E91E0070B0D1 /* Preview Assets.xcassets */ = {isa = PBXFileReference; lastKnownFileType = folder.assetcatalog; path = "Preview Assets.xcassets"; sourceTree = "<group>"; };
		DCD8AEAD2C49610B0070B0D1 /* AppView.swift */ = {isa = PBXFileReference; lastKnownFileType = sourcecode.swift; path = AppView.swift; sourceTree = "<group>"; };
/* End PBXFileReference section */

/* Begin PBXFrameworksBuildPhase section */
		DCD8AE982C47E91C0070B0D1 /* Frameworks */ = {
			isa = PBXFrameworksBuildPhase;
			buildActionMask = 2147483647;
			files = (
				DC0015FF2C50226400416056 /* DeepLinkManager in Frameworks */,
				DCD8AEB12C4962480070B0D1 /* LoginFeature in Frameworks */,
				DC0015E12C4FCEF900416056 /* CharteFeature in Frameworks */,
				DC4E65822C49839E00B08F1A /* SharedResources in Frameworks */,
				DC025F002C4972310050B457 /* DesignSystem in Frameworks */,
				DC7914FC2C4EB012005A3244 /* ProfileFeature in Frameworks */,
				DC0015ED2C4FD55200416056 /* Lottie in Frameworks */,
				DC61D1EE2C50248F0047136F /* AnimateText in Frameworks */,
			);
			runOnlyForDeploymentPostprocessing = 0;
		};
/* End PBXFrameworksBuildPhase section */

/* Begin PBXGroup section */
		DC0015E22C4FD3E000416056 /* Views */ = {
			isa = PBXGroup;
			children = (
				DC0015E32C4FD3F400416056 /* Menu */,
				DCA8975B2C4EDECE00788FC6 /* HomeView.swift */,
				DCD8AE9E2C47E91C0070B0D1 /* UrbanParisApp.swift */,
				DCD8AEAD2C49610B0070B0D1 /* AppView.swift */,
				DC61D1EA2C5023C40047136F /* SplashscreenView.swift */,
			);
			path = Views;
			sourceTree = "<group>";
		};
		DC0015E32C4FD3F400416056 /* Menu */ = {
			isa = PBXGroup;
			children = (
				DC0015E92C4FD42500416056 /* SmokeManView.swift */,
				DC0015E42C4FD3FB00416056 /* Resources */,
			);
			path = Menu;
			sourceTree = "<group>";
		};
		DC0015E42C4FD3FB00416056 /* Resources */ = {
			isa = PBXGroup;
			children = (
				DC0015EE2C4FD80000416056 /* fumiRedAnimation.json */,
				DC0015E52C4FD41100416056 /* fumiBlueAnimation.json */,
			);
			path = Resources;
			sourceTree = "<group>";
		};
		DC0015FB2C50217600416056 /* ViewModels */ = {
			isa = PBXGroup;
			children = (
				DC0015FC2C5021B100416056 /* AppViewModel.swift */,
			);
			path = ViewModels;
			sourceTree = "<group>";
		};
		DC4E65872C49BC4500B08F1A /* Configurations */ = {
			isa = PBXGroup;
			children = (
				DC4E65882C49BC7800B08F1A /* Common.xcconfig */,
				DC4E65892C49BC8200B08F1A /* urban.xcconfig */,
				DC0015F02C50070800416056 /* urban-debug.xcconfig */,
				DC4E658A2C49BC8F00B08F1A /* nonUrban.xcconfig */,
				DC0015F12C50071E00416056 /* nonUrban-debug.xcconfig */,
			);
			path = Configurations;
			sourceTree = "<group>";
		};
		DCD8AE922C47E91C0070B0D1 = {
			isa = PBXGroup;
			children = (
				DC760BE12C4B222C0008990B /* UrbanParisPackage */,
				DCD8AE9D2C47E91C0070B0D1 /* UrbanParis */,
				DCD8AE9C2C47E91C0070B0D1 /* Products */,
				DCD8AEAF2C4962480070B0D1 /* Frameworks */,
			);
			sourceTree = "<group>";
		};
		DCD8AE9C2C47E91C0070B0D1 /* Products */ = {
			isa = PBXGroup;
			children = (
				DCD8AE9B2C47E91C0070B0D1 /* Urban Paris.app */,
			);
			name = Products;
			sourceTree = "<group>";
		};
		DCD8AE9D2C47E91C0070B0D1 /* UrbanParis */ = {
			isa = PBXGroup;
			children = (
				DC0015FB2C50217600416056 /* ViewModels */,
				DC0015E22C4FD3E000416056 /* Views */,
				DC4E65902C49C6B500B08F1A /* Info.plist */,
				DC4E65872C49BC4500B08F1A /* Configurations */,
				DCD8AEA22C47E91E0070B0D1 /* Assets.xcassets */,
				DCD8AEA42C47E91E0070B0D1 /* Preview Content */,
				DC4E657F2C49834300B08F1A /* LaunchScreenUrban.storyboard */,
				DC4E65912C49C9A500B08F1A /* LaunchScreenNonUrban.storyboard */,
			);
			path = UrbanParis;
			sourceTree = "<group>";
		};
		DCD8AEA42C47E91E0070B0D1 /* Preview Content */ = {
			isa = PBXGroup;
			children = (
				DCD8AEA52C47E91E0070B0D1 /* Preview Assets.xcassets */,
			);
			path = "Preview Content";
			sourceTree = "<group>";
		};
		DCD8AEAF2C4962480070B0D1 /* Frameworks */ = {
			isa = PBXGroup;
			children = (
			);
			name = Frameworks;
			sourceTree = "<group>";
		};
/* End PBXGroup section */

/* Begin PBXNativeTarget section */
		DCD8AE9A2C47E91C0070B0D1 /* UrbanParis */ = {
			isa = PBXNativeTarget;
			buildConfigurationList = DCD8AEA92C47E91E0070B0D1 /* Build configuration list for PBXNativeTarget "UrbanParis" */;
			buildPhases = (
				DCD8AE972C47E91C0070B0D1 /* Sources */,
				DCD8AE982C47E91C0070B0D1 /* Frameworks */,
				DCD8AE992C47E91C0070B0D1 /* Resources */,
			);
			buildRules = (
			);
			dependencies = (
			);
			name = UrbanParis;
			packageProductDependencies = (
				DCD8AEB02C4962480070B0D1 /* LoginFeature */,
				DC025EFF2C4972310050B457 /* DesignSystem */,
				DC4E65812C49839E00B08F1A /* SharedResources */,
				DC7914FB2C4EB012005A3244 /* ProfileFeature */,
				DC0015E02C4FCEF900416056 /* CharteFeature */,
				DC0015EC2C4FD55200416056 /* Lottie */,
				DC0015FE2C50226400416056 /* DeepLinkManager */,
				DC61D1ED2C50248F0047136F /* AnimateText */,
			);
			productName = UrbanParis;
			productReference = DCD8AE9B2C47E91C0070B0D1 /* Urban Paris.app */;
			productType = "com.apple.product-type.application";
		};
/* End PBXNativeTarget section */

/* Begin PBXProject section */
		DCD8AE932C47E91C0070B0D1 /* Project object */ = {
			isa = PBXProject;
			attributes = {
				BuildIndependentTargetsInParallel = 1;
				LastSwiftUpdateCheck = 1520;
				LastUpgradeCheck = 1520;
				TargetAttributes = {
					DCD8AE9A2C47E91C0070B0D1 = {
						CreatedOnToolsVersion = 15.2;
					};
				};
			};
			buildConfigurationList = DCD8AE962C47E91C0070B0D1 /* Build configuration list for PBXProject "UrbanParis" */;
			compatibilityVersion = "Xcode 14.0";
			developmentRegion = en;
			hasScannedForEncodings = 0;
			knownRegions = (
				en,
				Base,
			);
			mainGroup = DCD8AE922C47E91C0070B0D1;
			packageReferences = (
				DC0015EB2C4FD55200416056 /* XCRemoteSwiftPackageReference "lottie-ios" */,
				DC61D1EC2C50248F0047136F /* XCRemoteSwiftPackageReference "AnimateText" */,
			);
			productRefGroup = DCD8AE9C2C47E91C0070B0D1 /* Products */;
			projectDirPath = "";
			projectRoot = "";
			targets = (
				DCD8AE9A2C47E91C0070B0D1 /* UrbanParis */,
			);
		};
/* End PBXProject section */

/* Begin PBXResourcesBuildPhase section */
		DCD8AE992C47E91C0070B0D1 /* Resources */ = {
			isa = PBXResourcesBuildPhase;
			buildActionMask = 2147483647;
			files = (
				DC4E65922C49C9A500B08F1A /* LaunchScreenNonUrban.storyboard in Resources */,
				DC4E65802C49834300B08F1A /* LaunchScreenUrban.storyboard in Resources */,
				DC0015F72C50118800416056 /* Common.xcconfig in Resources */,
				DCD8AEA62C47E91E0070B0D1 /* Preview Assets.xcassets in Resources */,
				DC0015EF2C4FD80000416056 /* fumiRedAnimation.json in Resources */,
				DC760BE22C4B222C0008990B /* UrbanParisPackage in Resources */,
				DC0015F22C50071E00416056 /* nonUrban-debug.xcconfig in Resources */,
				DC0015F92C50118D00416056 /* urban-debug.xcconfig in Resources */,
				DCD8AEA32C47E91E0070B0D1 /* Assets.xcassets in Resources */,
				DC0015E72C4FD41100416056 /* fumiBlueAnimation.json in Resources */,
				DC0015F82C50118A00416056 /* urban.xcconfig in Resources */,
				DC0015FA2C50118F00416056 /* nonUrban.xcconfig in Resources */,
			);
			runOnlyForDeploymentPostprocessing = 0;
		};
/* End PBXResourcesBuildPhase section */

/* Begin PBXSourcesBuildPhase section */
		DCD8AE972C47E91C0070B0D1 /* Sources */ = {
			isa = PBXSourcesBuildPhase;
			buildActionMask = 2147483647;
			files = (
				DC0015FD2C5021B100416056 /* AppViewModel.swift in Sources */,
				DCA8975C2C4EDECE00788FC6 /* HomeView.swift in Sources */,
				DCD8AE9F2C47E91C0070B0D1 /* UrbanParisApp.swift in Sources */,
				DC61D1EB2C5023C40047136F /* SplashscreenView.swift in Sources */,
				DCD8AEAE2C49610B0070B0D1 /* AppView.swift in Sources */,
				DC0015EA2C4FD42500416056 /* SmokeManView.swift in Sources */,
			);
			runOnlyForDeploymentPostprocessing = 0;
		};
/* End PBXSourcesBuildPhase section */

/* Begin XCBuildConfiguration section */
		DC4E65832C49BBBB00B08F1A /* urban */ = {
			isa = XCBuildConfiguration;
			baseConfigurationReference = DC4E65892C49BC8200B08F1A /* urban.xcconfig */;
			buildSettings = {
				ALWAYS_SEARCH_USER_PATHS = NO;
				ASSETCATALOG_COMPILER_GENERATE_SWIFT_ASSET_SYMBOL_EXTENSIONS = YES;
				CLANG_ANALYZER_NONNULL = YES;
				CLANG_ANALYZER_NUMBER_OBJECT_CONVERSION = YES_AGGRESSIVE;
				CLANG_CXX_LANGUAGE_STANDARD = "gnu++20";
				CLANG_ENABLE_MODULES = YES;
				CLANG_ENABLE_OBJC_ARC = YES;
				CLANG_ENABLE_OBJC_WEAK = YES;
				CLANG_WARN_BLOCK_CAPTURE_AUTORELEASING = YES;
				CLANG_WARN_BOOL_CONVERSION = YES;
				CLANG_WARN_COMMA = YES;
				CLANG_WARN_CONSTANT_CONVERSION = YES;
				CLANG_WARN_DEPRECATED_OBJC_IMPLEMENTATIONS = YES;
				CLANG_WARN_DIRECT_OBJC_ISA_USAGE = YES_ERROR;
				CLANG_WARN_DOCUMENTATION_COMMENTS = YES;
				CLANG_WARN_EMPTY_BODY = YES;
				CLANG_WARN_ENUM_CONVERSION = YES;
				CLANG_WARN_INFINITE_RECURSION = YES;
				CLANG_WARN_INT_CONVERSION = YES;
				CLANG_WARN_NON_LITERAL_NULL_CONVERSION = YES;
				CLANG_WARN_OBJC_IMPLICIT_RETAIN_SELF = YES;
				CLANG_WARN_OBJC_LITERAL_CONVERSION = YES;
				CLANG_WARN_OBJC_ROOT_CLASS = YES_ERROR;
				CLANG_WARN_QUOTED_INCLUDE_IN_FRAMEWORK_HEADER = YES;
				CLANG_WARN_RANGE_LOOP_ANALYSIS = YES;
				CLANG_WARN_STRICT_PROTOTYPES = YES;
				CLANG_WARN_SUSPICIOUS_MOVE = YES;
				CLANG_WARN_UNGUARDED_AVAILABILITY = YES_AGGRESSIVE;
				CLANG_WARN_UNREACHABLE_CODE = YES;
				CLANG_WARN__DUPLICATE_METHOD_MATCH = YES;
				COPY_PHASE_STRIP = NO;
				DEBUG_INFORMATION_FORMAT = dwarf;
				ENABLE_STRICT_OBJC_MSGSEND = YES;
				ENABLE_TESTABILITY = YES;
				ENABLE_USER_SCRIPT_SANDBOXING = YES;
				GCC_C_LANGUAGE_STANDARD = gnu17;
				GCC_DYNAMIC_NO_PIC = NO;
				GCC_NO_COMMON_BLOCKS = YES;
				GCC_OPTIMIZATION_LEVEL = 0;
				GCC_PREPROCESSOR_DEFINITIONS = (
					"DEBUG=1",
					"$(inherited)",
				);
				GCC_WARN_64_TO_32_BIT_CONVERSION = YES;
				GCC_WARN_ABOUT_RETURN_TYPE = YES_ERROR;
				GCC_WARN_UNDECLARED_SELECTOR = YES;
				GCC_WARN_UNINITIALIZED_AUTOS = YES_AGGRESSIVE;
				GCC_WARN_UNUSED_FUNCTION = YES;
				GCC_WARN_UNUSED_VARIABLE = YES;
				IPHONEOS_DEPLOYMENT_TARGET = 17.2;
				LOCALIZATION_PREFERS_STRING_CATALOGS = YES;
				MTL_ENABLE_DEBUG_INFO = INCLUDE_SOURCE;
				MTL_FAST_MATH = YES;
				ONLY_ACTIVE_ARCH = YES;
				SDKROOT = iphoneos;
				SWIFT_ACTIVE_COMPILATION_CONDITIONS = "DEBUG $(inherited)";
				SWIFT_OPTIMIZATION_LEVEL = "-Onone";
			};
			name = urban;
		};
		DC4E65842C49BBBB00B08F1A /* urban */ = {
			isa = XCBuildConfiguration;
			baseConfigurationReference = DC4E65892C49BC8200B08F1A /* urban.xcconfig */;
			buildSettings = {
				ASSETCATALOG_COMPILER_APPICON_NAME = "$(AppIcon)";
				ASSETCATALOG_COMPILER_GLOBAL_ACCENT_COLOR_NAME = AccentColor;
				"CODE_SIGN_IDENTITY[sdk=iphoneos*]" = "iPhone Developer";
				CODE_SIGN_STYLE = Manual;
				CURRENT_PROJECT_VERSION = 1;
				DEVELOPMENT_ASSET_PATHS = "\"UrbanParis/Preview Content\"";
				DEVELOPMENT_TEAM = "";
				"DEVELOPMENT_TEAM[sdk=iphoneos*]" = 69XGLNEF48;
				ENABLE_PREVIEWS = YES;
				GENERATE_INFOPLIST_FILE = YES;
				INFOPLIST_FILE = UrbanParis/Info.plist;
				INFOPLIST_KEY_UIApplicationSceneManifest_Generation = YES;
				INFOPLIST_KEY_UIApplicationSupportsIndirectInputEvents = YES;
				INFOPLIST_KEY_UILaunchStoryboardName = "$(LAUNCH_SCREEN)";
				INFOPLIST_KEY_UISupportedInterfaceOrientations = UIInterfaceOrientationPortrait;
				LD_RUNPATH_SEARCH_PATHS = (
					"$(inherited)",
					"@executable_path/Frameworks",
				);
				MARKETING_VERSION = 1.0;
				PRODUCT_BUNDLE_IDENTIFIER = com.yelmouden.urban;
				PRODUCT_NAME = "Urban Paris";
				PROVISIONING_PROFILE_SPECIFIER = "";
				"PROVISIONING_PROFILE_SPECIFIER[sdk=iphoneos*]" = "provisionning profile urban paris";
				SUPPORTED_PLATFORMS = "iphoneos iphonesimulator";
				SUPPORTS_MACCATALYST = NO;
				SUPPORTS_MAC_DESIGNED_FOR_IPHONE_IPAD = NO;
				SUPPORTS_XR_DESIGNED_FOR_IPHONE_IPAD = NO;
				SWIFT_EMIT_LOC_STRINGS = YES;
				SWIFT_VERSION = 5.0;
				TARGETED_DEVICE_FAMILY = 1;
			};
			name = urban;
		};
		DC4E65852C49BC1C00B08F1A /* nonUrban */ = {
			isa = XCBuildConfiguration;
			baseConfigurationReference = DC4E658A2C49BC8F00B08F1A /* nonUrban.xcconfig */;
			buildSettings = {
				ALWAYS_SEARCH_USER_PATHS = NO;
				ASSETCATALOG_COMPILER_GENERATE_SWIFT_ASSET_SYMBOL_EXTENSIONS = YES;
				CLANG_ANALYZER_NONNULL = YES;
				CLANG_ANALYZER_NUMBER_OBJECT_CONVERSION = YES_AGGRESSIVE;
				CLANG_CXX_LANGUAGE_STANDARD = "gnu++20";
				CLANG_ENABLE_MODULES = YES;
				CLANG_ENABLE_OBJC_ARC = YES;
				CLANG_ENABLE_OBJC_WEAK = YES;
				CLANG_WARN_BLOCK_CAPTURE_AUTORELEASING = YES;
				CLANG_WARN_BOOL_CONVERSION = YES;
				CLANG_WARN_COMMA = YES;
				CLANG_WARN_CONSTANT_CONVERSION = YES;
				CLANG_WARN_DEPRECATED_OBJC_IMPLEMENTATIONS = YES;
				CLANG_WARN_DIRECT_OBJC_ISA_USAGE = YES_ERROR;
				CLANG_WARN_DOCUMENTATION_COMMENTS = YES;
				CLANG_WARN_EMPTY_BODY = YES;
				CLANG_WARN_ENUM_CONVERSION = YES;
				CLANG_WARN_INFINITE_RECURSION = YES;
				CLANG_WARN_INT_CONVERSION = YES;
				CLANG_WARN_NON_LITERAL_NULL_CONVERSION = YES;
				CLANG_WARN_OBJC_IMPLICIT_RETAIN_SELF = YES;
				CLANG_WARN_OBJC_LITERAL_CONVERSION = YES;
				CLANG_WARN_OBJC_ROOT_CLASS = YES_ERROR;
				CLANG_WARN_QUOTED_INCLUDE_IN_FRAMEWORK_HEADER = YES;
				CLANG_WARN_RANGE_LOOP_ANALYSIS = YES;
				CLANG_WARN_STRICT_PROTOTYPES = YES;
				CLANG_WARN_SUSPICIOUS_MOVE = YES;
				CLANG_WARN_UNGUARDED_AVAILABILITY = YES_AGGRESSIVE;
				CLANG_WARN_UNREACHABLE_CODE = YES;
				CLANG_WARN__DUPLICATE_METHOD_MATCH = YES;
				COPY_PHASE_STRIP = NO;
				DEBUG_INFORMATION_FORMAT = dwarf;
				ENABLE_STRICT_OBJC_MSGSEND = YES;
				ENABLE_TESTABILITY = YES;
				ENABLE_USER_SCRIPT_SANDBOXING = YES;
				GCC_C_LANGUAGE_STANDARD = gnu17;
				GCC_DYNAMIC_NO_PIC = NO;
				GCC_NO_COMMON_BLOCKS = YES;
				GCC_OPTIMIZATION_LEVEL = 0;
				GCC_PREPROCESSOR_DEFINITIONS = (
					"DEBUG=1",
					"$(inherited)",
				);
				GCC_WARN_64_TO_32_BIT_CONVERSION = YES;
				GCC_WARN_ABOUT_RETURN_TYPE = YES_ERROR;
				GCC_WARN_UNDECLARED_SELECTOR = YES;
				GCC_WARN_UNINITIALIZED_AUTOS = YES_AGGRESSIVE;
				GCC_WARN_UNUSED_FUNCTION = YES;
				GCC_WARN_UNUSED_VARIABLE = YES;
				IPHONEOS_DEPLOYMENT_TARGET = 17.2;
				LOCALIZATION_PREFERS_STRING_CATALOGS = YES;
				MTL_ENABLE_DEBUG_INFO = INCLUDE_SOURCE;
				MTL_FAST_MATH = YES;
				ONLY_ACTIVE_ARCH = YES;
				SDKROOT = iphoneos;
				SWIFT_ACTIVE_COMPILATION_CONDITIONS = "DEBUG $(inherited)";
				SWIFT_OPTIMIZATION_LEVEL = "-Onone";
			};
			name = nonUrban;
		};
		DC4E65862C49BC1C00B08F1A /* nonUrban */ = {
			isa = XCBuildConfiguration;
			baseConfigurationReference = DC4E658A2C49BC8F00B08F1A /* nonUrban.xcconfig */;
			buildSettings = {
				ASSETCATALOG_COMPILER_APPICON_NAME = "$(AppIcon)";
				ASSETCATALOG_COMPILER_GLOBAL_ACCENT_COLOR_NAME = AccentColor;
				"CODE_SIGN_IDENTITY[sdk=iphoneos*]" = "iPhone Developer";
				CODE_SIGN_STYLE = Manual;
				CURRENT_PROJECT_VERSION = 1;
				DEVELOPMENT_ASSET_PATHS = "\"UrbanParis/Preview Content\"";
				DEVELOPMENT_TEAM = "";
				"DEVELOPMENT_TEAM[sdk=iphoneos*]" = 69XGLNEF48;
				ENABLE_PREVIEWS = YES;
				GENERATE_INFOPLIST_FILE = YES;
				INFOPLIST_FILE = UrbanParis/Info.plist;
				INFOPLIST_KEY_UIApplicationSceneManifest_Generation = YES;
				INFOPLIST_KEY_UIApplicationSupportsIndirectInputEvents = YES;
				INFOPLIST_KEY_UILaunchStoryboardName = "$(LAUNCH_SCREEN)";
				INFOPLIST_KEY_UISupportedInterfaceOrientations = UIInterfaceOrientationPortrait;
				LD_RUNPATH_SEARCH_PATHS = (
					"$(inherited)",
					"@executable_path/Frameworks",
				);
				MARKETING_VERSION = 1.0;
				PRODUCT_BUNDLE_IDENTIFIER = com.yelmouden.nonUrban;
				PRODUCT_NAME = "Urban Paris";
				PROVISIONING_PROFILE_SPECIFIER = "";
				"PROVISIONING_PROFILE_SPECIFIER[sdk=iphoneos*]" = "provisionning profile urban paris";
				SUPPORTED_PLATFORMS = "iphoneos iphonesimulator";
				SUPPORTS_MACCATALYST = NO;
				SUPPORTS_MAC_DESIGNED_FOR_IPHONE_IPAD = NO;
				SUPPORTS_XR_DESIGNED_FOR_IPHONE_IPAD = NO;
				SWIFT_EMIT_LOC_STRINGS = YES;
				SWIFT_VERSION = 5.0;
				TARGETED_DEVICE_FAMILY = 1;
			};
			name = nonUrban;
		};
		DCD22FA02C4C0978004A17D6 /* nonUrbanDebug */ = {
			isa = XCBuildConfiguration;
			baseConfigurationReference = DC0015F12C50071E00416056 /* nonUrban-debug.xcconfig */;
			buildSettings = {
				ALWAYS_SEARCH_USER_PATHS = NO;
				ASSETCATALOG_COMPILER_GENERATE_SWIFT_ASSET_SYMBOL_EXTENSIONS = YES;
				CLANG_ANALYZER_NONNULL = YES;
				CLANG_ANALYZER_NUMBER_OBJECT_CONVERSION = YES_AGGRESSIVE;
				CLANG_CXX_LANGUAGE_STANDARD = "gnu++20";
				CLANG_ENABLE_MODULES = YES;
				CLANG_ENABLE_OBJC_ARC = YES;
				CLANG_ENABLE_OBJC_WEAK = YES;
				CLANG_WARN_BLOCK_CAPTURE_AUTORELEASING = YES;
				CLANG_WARN_BOOL_CONVERSION = YES;
				CLANG_WARN_COMMA = YES;
				CLANG_WARN_CONSTANT_CONVERSION = YES;
				CLANG_WARN_DEPRECATED_OBJC_IMPLEMENTATIONS = YES;
				CLANG_WARN_DIRECT_OBJC_ISA_USAGE = YES_ERROR;
				CLANG_WARN_DOCUMENTATION_COMMENTS = YES;
				CLANG_WARN_EMPTY_BODY = YES;
				CLANG_WARN_ENUM_CONVERSION = YES;
				CLANG_WARN_INFINITE_RECURSION = YES;
				CLANG_WARN_INT_CONVERSION = YES;
				CLANG_WARN_NON_LITERAL_NULL_CONVERSION = YES;
				CLANG_WARN_OBJC_IMPLICIT_RETAIN_SELF = YES;
				CLANG_WARN_OBJC_LITERAL_CONVERSION = YES;
				CLANG_WARN_OBJC_ROOT_CLASS = YES_ERROR;
				CLANG_WARN_QUOTED_INCLUDE_IN_FRAMEWORK_HEADER = YES;
				CLANG_WARN_RANGE_LOOP_ANALYSIS = YES;
				CLANG_WARN_STRICT_PROTOTYPES = YES;
				CLANG_WARN_SUSPICIOUS_MOVE = YES;
				CLANG_WARN_UNGUARDED_AVAILABILITY = YES_AGGRESSIVE;
				CLANG_WARN_UNREACHABLE_CODE = YES;
				CLANG_WARN__DUPLICATE_METHOD_MATCH = YES;
				COPY_PHASE_STRIP = NO;
				DEBUG_INFORMATION_FORMAT = dwarf;
				ENABLE_STRICT_OBJC_MSGSEND = YES;
				ENABLE_TESTABILITY = YES;
				ENABLE_USER_SCRIPT_SANDBOXING = YES;
				GCC_C_LANGUAGE_STANDARD = gnu17;
				GCC_DYNAMIC_NO_PIC = NO;
				GCC_NO_COMMON_BLOCKS = YES;
				GCC_OPTIMIZATION_LEVEL = 0;
				GCC_PREPROCESSOR_DEFINITIONS = (
					"DEBUG=1",
					"$(inherited)",
				);
				GCC_WARN_64_TO_32_BIT_CONVERSION = YES;
				GCC_WARN_ABOUT_RETURN_TYPE = YES_ERROR;
				GCC_WARN_UNDECLARED_SELECTOR = YES;
				GCC_WARN_UNINITIALIZED_AUTOS = YES_AGGRESSIVE;
				GCC_WARN_UNUSED_FUNCTION = YES;
				GCC_WARN_UNUSED_VARIABLE = YES;
				IPHONEOS_DEPLOYMENT_TARGET = 17.2;
				LOCALIZATION_PREFERS_STRING_CATALOGS = YES;
				MTL_ENABLE_DEBUG_INFO = INCLUDE_SOURCE;
				MTL_FAST_MATH = YES;
				ONLY_ACTIVE_ARCH = YES;
				SDKROOT = iphoneos;
				SWIFT_ACTIVE_COMPILATION_CONDITIONS = "DEBUG $(inherited)";
				SWIFT_OPTIMIZATION_LEVEL = "-Onone";
			};
			name = nonUrbanDebug;
		};
		DCD22FA12C4C0978004A17D6 /* nonUrbanDebug */ = {
			isa = XCBuildConfiguration;
			baseConfigurationReference = DC0015F12C50071E00416056 /* nonUrban-debug.xcconfig */;
			buildSettings = {
				ASSETCATALOG_COMPILER_APPICON_NAME = "$(AppIcon)";
				ASSETCATALOG_COMPILER_GLOBAL_ACCENT_COLOR_NAME = AccentColor;
				"CODE_SIGN_IDENTITY[sdk=iphoneos*]" = "iPhone Developer";
				CODE_SIGN_STYLE = Manual;
				CURRENT_PROJECT_VERSION = 1;
				DEVELOPMENT_ASSET_PATHS = "\"UrbanParis/Preview Content\"";
				DEVELOPMENT_TEAM = "";
				"DEVELOPMENT_TEAM[sdk=iphoneos*]" = 69XGLNEF48;
				ENABLE_PREVIEWS = YES;
				GENERATE_INFOPLIST_FILE = YES;
				INFOPLIST_FILE = UrbanParis/Info.plist;
				INFOPLIST_KEY_UIApplicationSceneManifest_Generation = YES;
				INFOPLIST_KEY_UIApplicationSupportsIndirectInputEvents = YES;
				INFOPLIST_KEY_UILaunchStoryboardName = "$(LAUNCH_SCREEN)";
				INFOPLIST_KEY_UISupportedInterfaceOrientations = UIInterfaceOrientationPortrait;
				LD_RUNPATH_SEARCH_PATHS = (
					"$(inherited)",
					"@executable_path/Frameworks",
				);
				MARKETING_VERSION = 1.0;
				PRODUCT_BUNDLE_IDENTIFIER = com.yelmouden.debug.up;
				PRODUCT_NAME = "Urban Paris";
				PROVISIONING_PROFILE_SPECIFIER = "";
				"PROVISIONING_PROFILE_SPECIFIER[sdk=iphoneos*]" = "provisionning profile urban paris";
				SUPPORTED_PLATFORMS = "iphoneos iphonesimulator";
				SUPPORTS_MACCATALYST = NO;
				SUPPORTS_MAC_DESIGNED_FOR_IPHONE_IPAD = NO;
				SUPPORTS_XR_DESIGNED_FOR_IPHONE_IPAD = NO;
				SWIFT_EMIT_LOC_STRINGS = YES;
				SWIFT_VERSION = 5.0;
				TARGETED_DEVICE_FAMILY = 1;
			};
			name = nonUrbanDebug;
		};
		DCD8AEA72C47E91E0070B0D1 /* UrbanDebug */ = {
			isa = XCBuildConfiguration;
			baseConfigurationReference = DC0015F02C50070800416056 /* urban-debug.xcconfig */;
			buildSettings = {
				ALWAYS_SEARCH_USER_PATHS = NO;
				ASSETCATALOG_COMPILER_GENERATE_SWIFT_ASSET_SYMBOL_EXTENSIONS = YES;
				CLANG_ANALYZER_NONNULL = YES;
				CLANG_ANALYZER_NUMBER_OBJECT_CONVERSION = YES_AGGRESSIVE;
				CLANG_CXX_LANGUAGE_STANDARD = "gnu++20";
				CLANG_ENABLE_MODULES = YES;
				CLANG_ENABLE_OBJC_ARC = YES;
				CLANG_ENABLE_OBJC_WEAK = YES;
				CLANG_WARN_BLOCK_CAPTURE_AUTORELEASING = YES;
				CLANG_WARN_BOOL_CONVERSION = YES;
				CLANG_WARN_COMMA = YES;
				CLANG_WARN_CONSTANT_CONVERSION = YES;
				CLANG_WARN_DEPRECATED_OBJC_IMPLEMENTATIONS = YES;
				CLANG_WARN_DIRECT_OBJC_ISA_USAGE = YES_ERROR;
				CLANG_WARN_DOCUMENTATION_COMMENTS = YES;
				CLANG_WARN_EMPTY_BODY = YES;
				CLANG_WARN_ENUM_CONVERSION = YES;
				CLANG_WARN_INFINITE_RECURSION = YES;
				CLANG_WARN_INT_CONVERSION = YES;
				CLANG_WARN_NON_LITERAL_NULL_CONVERSION = YES;
				CLANG_WARN_OBJC_IMPLICIT_RETAIN_SELF = YES;
				CLANG_WARN_OBJC_LITERAL_CONVERSION = YES;
				CLANG_WARN_OBJC_ROOT_CLASS = YES_ERROR;
				CLANG_WARN_QUOTED_INCLUDE_IN_FRAMEWORK_HEADER = YES;
				CLANG_WARN_RANGE_LOOP_ANALYSIS = YES;
				CLANG_WARN_STRICT_PROTOTYPES = YES;
				CLANG_WARN_SUSPICIOUS_MOVE = YES;
				CLANG_WARN_UNGUARDED_AVAILABILITY = YES_AGGRESSIVE;
				CLANG_WARN_UNREACHABLE_CODE = YES;
				CLANG_WARN__DUPLICATE_METHOD_MATCH = YES;
				COPY_PHASE_STRIP = NO;
				DEBUG_INFORMATION_FORMAT = dwarf;
				ENABLE_STRICT_OBJC_MSGSEND = YES;
				ENABLE_TESTABILITY = YES;
				ENABLE_USER_SCRIPT_SANDBOXING = YES;
				GCC_C_LANGUAGE_STANDARD = gnu17;
				GCC_DYNAMIC_NO_PIC = NO;
				GCC_NO_COMMON_BLOCKS = YES;
				GCC_OPTIMIZATION_LEVEL = 0;
				GCC_PREPROCESSOR_DEFINITIONS = (
					"DEBUG=1",
					"$(inherited)",
				);
				GCC_WARN_64_TO_32_BIT_CONVERSION = YES;
				GCC_WARN_ABOUT_RETURN_TYPE = YES_ERROR;
				GCC_WARN_UNDECLARED_SELECTOR = YES;
				GCC_WARN_UNINITIALIZED_AUTOS = YES_AGGRESSIVE;
				GCC_WARN_UNUSED_FUNCTION = YES;
				GCC_WARN_UNUSED_VARIABLE = YES;
				IPHONEOS_DEPLOYMENT_TARGET = 17.2;
				LOCALIZATION_PREFERS_STRING_CATALOGS = YES;
				MTL_ENABLE_DEBUG_INFO = INCLUDE_SOURCE;
				MTL_FAST_MATH = YES;
				ONLY_ACTIVE_ARCH = YES;
				SDKROOT = iphoneos;
				SWIFT_ACTIVE_COMPILATION_CONDITIONS = "DEBUG $(inherited)";
				SWIFT_OPTIMIZATION_LEVEL = "-Onone";
			};
			name = UrbanDebug;
		};
		DCD8AEA82C47E91E0070B0D1 /* Release */ = {
			isa = XCBuildConfiguration;
			baseConfigurationReference = DC4E65892C49BC8200B08F1A /* urban.xcconfig */;
			buildSettings = {
				ALWAYS_SEARCH_USER_PATHS = NO;
				ASSETCATALOG_COMPILER_GENERATE_SWIFT_ASSET_SYMBOL_EXTENSIONS = YES;
				CLANG_ANALYZER_NONNULL = YES;
				CLANG_ANALYZER_NUMBER_OBJECT_CONVERSION = YES_AGGRESSIVE;
				CLANG_CXX_LANGUAGE_STANDARD = "gnu++20";
				CLANG_ENABLE_MODULES = YES;
				CLANG_ENABLE_OBJC_ARC = YES;
				CLANG_ENABLE_OBJC_WEAK = YES;
				CLANG_WARN_BLOCK_CAPTURE_AUTORELEASING = YES;
				CLANG_WARN_BOOL_CONVERSION = YES;
				CLANG_WARN_COMMA = YES;
				CLANG_WARN_CONSTANT_CONVERSION = YES;
				CLANG_WARN_DEPRECATED_OBJC_IMPLEMENTATIONS = YES;
				CLANG_WARN_DIRECT_OBJC_ISA_USAGE = YES_ERROR;
				CLANG_WARN_DOCUMENTATION_COMMENTS = YES;
				CLANG_WARN_EMPTY_BODY = YES;
				CLANG_WARN_ENUM_CONVERSION = YES;
				CLANG_WARN_INFINITE_RECURSION = YES;
				CLANG_WARN_INT_CONVERSION = YES;
				CLANG_WARN_NON_LITERAL_NULL_CONVERSION = YES;
				CLANG_WARN_OBJC_IMPLICIT_RETAIN_SELF = YES;
				CLANG_WARN_OBJC_LITERAL_CONVERSION = YES;
				CLANG_WARN_OBJC_ROOT_CLASS = YES_ERROR;
				CLANG_WARN_QUOTED_INCLUDE_IN_FRAMEWORK_HEADER = YES;
				CLANG_WARN_RANGE_LOOP_ANALYSIS = YES;
				CLANG_WARN_STRICT_PROTOTYPES = YES;
				CLANG_WARN_SUSPICIOUS_MOVE = YES;
				CLANG_WARN_UNGUARDED_AVAILABILITY = YES_AGGRESSIVE;
				CLANG_WARN_UNREACHABLE_CODE = YES;
				CLANG_WARN__DUPLICATE_METHOD_MATCH = YES;
				COPY_PHASE_STRIP = NO;
				DEBUG_INFORMATION_FORMAT = "dwarf-with-dsym";
				ENABLE_NS_ASSERTIONS = NO;
				ENABLE_STRICT_OBJC_MSGSEND = YES;
				ENABLE_USER_SCRIPT_SANDBOXING = YES;
				GCC_C_LANGUAGE_STANDARD = gnu17;
				GCC_NO_COMMON_BLOCKS = YES;
				GCC_WARN_64_TO_32_BIT_CONVERSION = YES;
				GCC_WARN_ABOUT_RETURN_TYPE = YES_ERROR;
				GCC_WARN_UNDECLARED_SELECTOR = YES;
				GCC_WARN_UNINITIALIZED_AUTOS = YES_AGGRESSIVE;
				GCC_WARN_UNUSED_FUNCTION = YES;
				GCC_WARN_UNUSED_VARIABLE = YES;
				IPHONEOS_DEPLOYMENT_TARGET = 17.2;
				LOCALIZATION_PREFERS_STRING_CATALOGS = YES;
				MTL_ENABLE_DEBUG_INFO = NO;
				MTL_FAST_MATH = YES;
				SDKROOT = iphoneos;
				SWIFT_COMPILATION_MODE = wholemodule;
				VALIDATE_PRODUCT = YES;
			};
			name = Release;
		};
		DCD8AEAA2C47E91E0070B0D1 /* UrbanDebug */ = {
			isa = XCBuildConfiguration;
			baseConfigurationReference = DC0015F02C50070800416056 /* urban-debug.xcconfig */;
			buildSettings = {
				ASSETCATALOG_COMPILER_APPICON_NAME = "$(AppIcon)";
				ASSETCATALOG_COMPILER_GLOBAL_ACCENT_COLOR_NAME = AccentColor;
				"CODE_SIGN_IDENTITY[sdk=iphoneos*]" = "iPhone Developer";
				CODE_SIGN_STYLE = Manual;
				CURRENT_PROJECT_VERSION = 1;
				DEVELOPMENT_ASSET_PATHS = "\"UrbanParis/Preview Content\"";
				DEVELOPMENT_TEAM = "";
				"DEVELOPMENT_TEAM[sdk=iphoneos*]" = 69XGLNEF48;
				ENABLE_PREVIEWS = YES;
				GENERATE_INFOPLIST_FILE = YES;
				INFOPLIST_FILE = UrbanParis/Info.plist;
				INFOPLIST_KEY_UIApplicationSceneManifest_Generation = YES;
				INFOPLIST_KEY_UIApplicationSupportsIndirectInputEvents = YES;
				INFOPLIST_KEY_UILaunchStoryboardName = "$(LAUNCH_SCREEN)";
				INFOPLIST_KEY_UISupportedInterfaceOrientations = UIInterfaceOrientationPortrait;
				LD_RUNPATH_SEARCH_PATHS = (
					"$(inherited)",
					"@executable_path/Frameworks",
				);
				MARKETING_VERSION = 1.0;
				PRODUCT_BUNDLE_IDENTIFIER = com.yelmouden.debug.up;
				PRODUCT_NAME = "Urban Paris";
				PROVISIONING_PROFILE_SPECIFIER = "";
				"PROVISIONING_PROFILE_SPECIFIER[sdk=iphoneos*]" = "provisionning profile urban paris";
				SUPPORTED_PLATFORMS = "iphoneos iphonesimulator";
				SUPPORTS_MACCATALYST = NO;
				SUPPORTS_MAC_DESIGNED_FOR_IPHONE_IPAD = NO;
				SUPPORTS_XR_DESIGNED_FOR_IPHONE_IPAD = NO;
				SWIFT_EMIT_LOC_STRINGS = YES;
				SWIFT_VERSION = 5.0;
				TARGETED_DEVICE_FAMILY = 1;
			};
			name = UrbanDebug;
		};
		DCD8AEAB2C47E91E0070B0D1 /* Release */ = {
			isa = XCBuildConfiguration;
			baseConfigurationReference = DC4E65892C49BC8200B08F1A /* urban.xcconfig */;
			buildSettings = {
				ASSETCATALOG_COMPILER_APPICON_NAME = "$(AppIcon)";
				ASSETCATALOG_COMPILER_GLOBAL_ACCENT_COLOR_NAME = AccentColor;
				CODE_SIGN_STYLE = Automatic;
				CURRENT_PROJECT_VERSION = 1;
				DEVELOPMENT_ASSET_PATHS = "\"UrbanParis/Preview Content\"";
				ENABLE_PREVIEWS = YES;
				GENERATE_INFOPLIST_FILE = YES;
				INFOPLIST_FILE = UrbanParis/Info.plist;
				INFOPLIST_KEY_UIApplicationSceneManifest_Generation = YES;
				INFOPLIST_KEY_UIApplicationSupportsIndirectInputEvents = YES;
				INFOPLIST_KEY_UILaunchStoryboardName = "$(LAUNCH_SCREEN)";
				INFOPLIST_KEY_UISupportedInterfaceOrientations = UIInterfaceOrientationPortrait;
				LD_RUNPATH_SEARCH_PATHS = (
					"$(inherited)",
					"@executable_path/Frameworks",
				);
				MARKETING_VERSION = 1.0;
				PRODUCT_BUNDLE_IDENTIFIER = com.yelmouden.urban;
				PRODUCT_NAME = "Urban Paris";
				SUPPORTED_PLATFORMS = "iphoneos iphonesimulator";
				SUPPORTS_MACCATALYST = NO;
				SUPPORTS_MAC_DESIGNED_FOR_IPHONE_IPAD = NO;
				SUPPORTS_XR_DESIGNED_FOR_IPHONE_IPAD = NO;
				SWIFT_EMIT_LOC_STRINGS = YES;
				SWIFT_VERSION = 5.0;
				TARGETED_DEVICE_FAMILY = 1;
			};
			name = Release;
		};
/* End XCBuildConfiguration section */

/* Begin XCConfigurationList section */
		DCD8AE962C47E91C0070B0D1 /* Build configuration list for PBXProject "UrbanParis" */ = {
			isa = XCConfigurationList;
			buildConfigurations = (
				DCD8AEA72C47E91E0070B0D1 /* UrbanDebug */,
				DCD22FA02C4C0978004A17D6 /* nonUrbanDebug */,
				DC4E65832C49BBBB00B08F1A /* urban */,
				DC4E65852C49BC1C00B08F1A /* nonUrban */,
				DCD8AEA82C47E91E0070B0D1 /* Release */,
			);
			defaultConfigurationIsVisible = 0;
			defaultConfigurationName = Release;
		};
		DCD8AEA92C47E91E0070B0D1 /* Build configuration list for PBXNativeTarget "UrbanParis" */ = {
			isa = XCConfigurationList;
			buildConfigurations = (
				DCD8AEAA2C47E91E0070B0D1 /* UrbanDebug */,
				DCD22FA12C4C0978004A17D6 /* nonUrbanDebug */,
				DC4E65842C49BBBB00B08F1A /* urban */,
				DC4E65862C49BC1C00B08F1A /* nonUrban */,
				DCD8AEAB2C47E91E0070B0D1 /* Release */,
			);
			defaultConfigurationIsVisible = 0;
			defaultConfigurationName = Release;
		};
/* End XCConfigurationList section */

/* Begin XCRemoteSwiftPackageReference section */
		DC0015EB2C4FD55200416056 /* XCRemoteSwiftPackageReference "lottie-ios" */ = {
			isa = XCRemoteSwiftPackageReference;
			repositoryURL = "https://github.com/airbnb/lottie-ios";
			requirement = {
				kind = upToNextMajorVersion;
				minimumVersion = 4.5.0;
			};
		};
		DC61D1EC2C50248F0047136F /* XCRemoteSwiftPackageReference "AnimateText" */ = {
			isa = XCRemoteSwiftPackageReference;
			repositoryURL = "https://github.com/jasudev/AnimateText";
			requirement = {
				kind = upToNextMajorVersion;
				minimumVersion = 0.5.0;
			};
		};
/* End XCRemoteSwiftPackageReference section */

/* Begin XCSwiftPackageProductDependency section */
		DC0015E02C4FCEF900416056 /* CharteFeature */ = {
			isa = XCSwiftPackageProductDependency;
			productName = CharteFeature;
		};
		DC0015EC2C4FD55200416056 /* Lottie */ = {
			isa = XCSwiftPackageProductDependency;
			package = DC0015EB2C4FD55200416056 /* XCRemoteSwiftPackageReference "lottie-ios" */;
			productName = Lottie;
		};
		DC0015FE2C50226400416056 /* DeepLinkManager */ = {
			isa = XCSwiftPackageProductDependency;
			productName = DeepLinkManager;
		};
		DC025EFF2C4972310050B457 /* DesignSystem */ = {
			isa = XCSwiftPackageProductDependency;
			productName = DesignSystem;
		};
		DC4E65812C49839E00B08F1A /* SharedResources */ = {
			isa = XCSwiftPackageProductDependency;
			productName = SharedResources;
		};
		DC61D1ED2C50248F0047136F /* AnimateText */ = {
			isa = XCSwiftPackageProductDependency;
			package = DC61D1EC2C50248F0047136F /* XCRemoteSwiftPackageReference "AnimateText" */;
			productName = AnimateText;
		};
		DC7914FB2C4EB012005A3244 /* ProfileFeature */ = {
			isa = XCSwiftPackageProductDependency;
			productName = ProfileFeature;
		};
		DCD8AEB02C4962480070B0D1 /* LoginFeature */ = {
			isa = XCSwiftPackageProductDependency;
			productName = LoginFeature;
		};
/* End XCSwiftPackageProductDependency section */
	};
	rootObject = DCD8AE932C47E91C0070B0D1 /* Project object */;
}
